// !$*UTF8*$!
{
	archiveVersion = 1;
	classes = {
	};
	objectVersion = 56;
	objects = {

/* Begin PBXBuildFile section */
		55A02DC22AED75750031A60C /* AppDelegate.swift in Sources */ = {isa = PBXBuildFile; fileRef = 55A02DC12AED75750031A60C /* AppDelegate.swift */; };
		55A02DC42AED75750031A60C /* SceneDelegate.swift in Sources */ = {isa = PBXBuildFile; fileRef = 55A02DC32AED75750031A60C /* SceneDelegate.swift */; };
		55A02DC62AED75750031A60C /* ViewController.swift in Sources */ = {isa = PBXBuildFile; fileRef = 55A02DC52AED75750031A60C /* ViewController.swift */; };
		55A02DC92AED75750031A60C /* Main.storyboard in Resources */ = {isa = PBXBuildFile; fileRef = 55A02DC72AED75750031A60C /* Main.storyboard */; };
		55A02DCB2AED75770031A60C /* Assets.xcassets in Resources */ = {isa = PBXBuildFile; fileRef = 55A02DCA2AED75770031A60C /* Assets.xcassets */; };
		55A02DCE2AED75770031A60C /* LaunchScreen.storyboard in Resources */ = {isa = PBXBuildFile; fileRef = 55A02DCC2AED75770031A60C /* LaunchScreen.storyboard */; };
		55A02DD92AED75770031A60C /* MusicBandTests.swift in Sources */ = {isa = PBXBuildFile; fileRef = 55A02DD82AED75770031A60C /* MusicBandTests.swift */; };
		55A02DE32AED75770031A60C /* MusicBandUITests.swift in Sources */ = {isa = PBXBuildFile; fileRef = 55A02DE22AED75770031A60C /* MusicBandUITests.swift */; };
		55A02DE52AED75770031A60C /* MusicBandUITestsLaunchTests.swift in Sources */ = {isa = PBXBuildFile; fileRef = 55A02DE42AED75770031A60C /* MusicBandUITestsLaunchTests.swift */; };
		55A02DF62AED77E20031A60C /* AlbumsController.swift in Sources */ = {isa = PBXBuildFile; fileRef = 55A02DF52AED77E20031A60C /* AlbumsController.swift */; };
		55A02DF82AED78070031A60C /* CancionesController.swift in Sources */ = {isa = PBXBuildFile; fileRef = 55A02DF72AED78070031A60C /* CancionesController.swift */; };
		55A02DFA2AED78760031A60C /* ArtistModel.swift in Sources */ = {isa = PBXBuildFile; fileRef = 55A02DF92AED78760031A60C /* ArtistModel.swift */; };
		55A02DFC2AED878D0031A60C /* AlbumsModel.swift in Sources */ = {isa = PBXBuildFile; fileRef = 55A02DFB2AED878D0031A60C /* AlbumsModel.swift */; };
		55A02DFE2AED94150031A60C /* SongsModel.swift in Sources */ = {isa = PBXBuildFile; fileRef = 55A02DFD2AED94150031A60C /* SongsModel.swift */; };
		F25FD07D2AEF41AD007F1C8C /* TableViewCell.swift in Sources */ = {isa = PBXBuildFile; fileRef = F25FD07B2AEF41AD007F1C8C /* TableViewCell.swift */; };
		F25FD07E2AEF41AD007F1C8C /* TableViewCell.xib in Resources */ = {isa = PBXBuildFile; fileRef = F25FD07C2AEF41AD007F1C8C /* TableViewCell.xib */; };
/* End PBXBuildFile section */

/* Begin PBXContainerItemProxy section */
		55A02DD52AED75770031A60C /* PBXContainerItemProxy */ = {
			isa = PBXContainerItemProxy;
			containerPortal = 55A02DB62AED75750031A60C /* Project object */;
			proxyType = 1;
			remoteGlobalIDString = 55A02DBD2AED75750031A60C;
			remoteInfo = MusicBand;
		};
		55A02DDF2AED75770031A60C /* PBXContainerItemProxy */ = {
			isa = PBXContainerItemProxy;
			containerPortal = 55A02DB62AED75750031A60C /* Project object */;
			proxyType = 1;
			remoteGlobalIDString = 55A02DBD2AED75750031A60C;
			remoteInfo = MusicBand;
		};
/* End PBXContainerItemProxy section */

/* Begin PBXFileReference section */
		55A02DBE2AED75750031A60C /* MusicBand.app */ = {isa = PBXFileReference; explicitFileType = wrapper.application; includeInIndex = 0; path = MusicBand.app; sourceTree = BUILT_PRODUCTS_DIR; };
		55A02DC12AED75750031A60C /* AppDelegate.swift */ = {isa = PBXFileReference; lastKnownFileType = sourcecode.swift; path = AppDelegate.swift; sourceTree = "<group>"; };
		55A02DC32AED75750031A60C /* SceneDelegate.swift */ = {isa = PBXFileReference; lastKnownFileType = sourcecode.swift; path = SceneDelegate.swift; sourceTree = "<group>"; };
		55A02DC52AED75750031A60C /* ViewController.swift */ = {isa = PBXFileReference; lastKnownFileType = sourcecode.swift; path = ViewController.swift; sourceTree = "<group>"; };
		55A02DC82AED75750031A60C /* Base */ = {isa = PBXFileReference; lastKnownFileType = file.storyboard; name = Base; path = Base.lproj/Main.storyboard; sourceTree = "<group>"; };
		55A02DCA2AED75770031A60C /* Assets.xcassets */ = {isa = PBXFileReference; lastKnownFileType = folder.assetcatalog; path = Assets.xcassets; sourceTree = "<group>"; };
		55A02DCD2AED75770031A60C /* Base */ = {isa = PBXFileReference; lastKnownFileType = file.storyboard; name = Base; path = Base.lproj/LaunchScreen.storyboard; sourceTree = "<group>"; };
		55A02DCF2AED75770031A60C /* Info.plist */ = {isa = PBXFileReference; lastKnownFileType = text.plist.xml; path = Info.plist; sourceTree = "<group>"; };
		55A02DD42AED75770031A60C /* MusicBandTests.xctest */ = {isa = PBXFileReference; explicitFileType = wrapper.cfbundle; includeInIndex = 0; path = MusicBandTests.xctest; sourceTree = BUILT_PRODUCTS_DIR; };
		55A02DD82AED75770031A60C /* MusicBandTests.swift */ = {isa = PBXFileReference; lastKnownFileType = sourcecode.swift; path = MusicBandTests.swift; sourceTree = "<group>"; };
		55A02DDE2AED75770031A60C /* MusicBandUITests.xctest */ = {isa = PBXFileReference; explicitFileType = wrapper.cfbundle; includeInIndex = 0; path = MusicBandUITests.xctest; sourceTree = BUILT_PRODUCTS_DIR; };
		55A02DE22AED75770031A60C /* MusicBandUITests.swift */ = {isa = PBXFileReference; lastKnownFileType = sourcecode.swift; path = MusicBandUITests.swift; sourceTree = "<group>"; };
		55A02DE42AED75770031A60C /* MusicBandUITestsLaunchTests.swift */ = {isa = PBXFileReference; lastKnownFileType = sourcecode.swift; path = MusicBandUITestsLaunchTests.swift; sourceTree = "<group>"; };
		55A02DF52AED77E20031A60C /* AlbumsController.swift */ = {isa = PBXFileReference; lastKnownFileType = sourcecode.swift; path = AlbumsController.swift; sourceTree = "<group>"; };
		55A02DF72AED78070031A60C /* CancionesController.swift */ = {isa = PBXFileReference; lastKnownFileType = sourcecode.swift; path = CancionesController.swift; sourceTree = "<group>"; };
		55A02DF92AED78760031A60C /* ArtistModel.swift */ = {isa = PBXFileReference; lastKnownFileType = sourcecode.swift; path = ArtistModel.swift; sourceTree = "<group>"; };
		55A02DFB2AED878D0031A60C /* AlbumsModel.swift */ = {isa = PBXFileReference; lastKnownFileType = sourcecode.swift; path = AlbumsModel.swift; sourceTree = "<group>"; };
		55A02DFD2AED94150031A60C /* SongsModel.swift */ = {isa = PBXFileReference; lastKnownFileType = sourcecode.swift; path = SongsModel.swift; sourceTree = "<group>"; };
		F25FD07B2AEF41AD007F1C8C /* TableViewCell.swift */ = {isa = PBXFileReference; lastKnownFileType = sourcecode.swift; path = TableViewCell.swift; sourceTree = "<group>"; };
		F25FD07C2AEF41AD007F1C8C /* TableViewCell.xib */ = {isa = PBXFileReference; lastKnownFileType = file.xib; path = TableViewCell.xib; sourceTree = "<group>"; };
/* End PBXFileReference section */

/* Begin PBXFrameworksBuildPhase section */
		55A02DBB2AED75750031A60C /* Frameworks */ = {
			isa = PBXFrameworksBuildPhase;
			buildActionMask = 2147483647;
			files = (
			);
			runOnlyForDeploymentPostprocessing = 0;
		};
		55A02DD12AED75770031A60C /* Frameworks */ = {
			isa = PBXFrameworksBuildPhase;
			buildActionMask = 2147483647;
			files = (
			);
			runOnlyForDeploymentPostprocessing = 0;
		};
		55A02DDB2AED75770031A60C /* Frameworks */ = {
			isa = PBXFrameworksBuildPhase;
			buildActionMask = 2147483647;
			files = (
			);
			runOnlyForDeploymentPostprocessing = 0;
		};
/* End PBXFrameworksBuildPhase section */

/* Begin PBXGroup section */
		55A02DB52AED75750031A60C = {
			isa = PBXGroup;
			children = (
				55A02DC02AED75750031A60C /* MusicBand */,
				55A02DD72AED75770031A60C /* MusicBandTests */,
				55A02DE12AED75770031A60C /* MusicBandUITests */,
				55A02DBF2AED75750031A60C /* Products */,
			);
			sourceTree = "<group>";
		};
		55A02DBF2AED75750031A60C /* Products */ = {
			isa = PBXGroup;
			children = (
				55A02DBE2AED75750031A60C /* MusicBand.app */,
				55A02DD42AED75770031A60C /* MusicBandTests.xctest */,
				55A02DDE2AED75770031A60C /* MusicBandUITests.xctest */,
			);
			name = Products;
			sourceTree = "<group>";
		};
		55A02DC02AED75750031A60C /* MusicBand */ = {
			isa = PBXGroup;
			children = (
				55A02DC12AED75750031A60C /* AppDelegate.swift */,
				55A02DC32AED75750031A60C /* SceneDelegate.swift */,
				F25FD07B2AEF41AD007F1C8C /* TableViewCell.swift */,
				F25FD07C2AEF41AD007F1C8C /* TableViewCell.xib */,
				55A02DC52AED75750031A60C /* ViewController.swift */,
				55A02DF52AED77E20031A60C /* AlbumsController.swift */,
				55A02DF72AED78070031A60C /* CancionesController.swift */,
				55A02DC72AED75750031A60C /* Main.storyboard */,
				55A02DCA2AED75770031A60C /* Assets.xcassets */,
				55A02DCC2AED75770031A60C /* LaunchScreen.storyboard */,
				55A02DCF2AED75770031A60C /* Info.plist */,
				55A02DF92AED78760031A60C /* ArtistModel.swift */,
				55A02DFB2AED878D0031A60C /* AlbumsModel.swift */,
				55A02DFD2AED94150031A60C /* SongsModel.swift */,
			);
			path = MusicBand;
			sourceTree = "<group>";
		};
		55A02DD72AED75770031A60C /* MusicBandTests */ = {
			isa = PBXGroup;
			children = (
				55A02DD82AED75770031A60C /* MusicBandTests.swift */,
			);
			path = MusicBandTests;
			sourceTree = "<group>";
		};
		55A02DE12AED75770031A60C /* MusicBandUITests */ = {
			isa = PBXGroup;
			children = (
				55A02DE22AED75770031A60C /* MusicBandUITests.swift */,
				55A02DE42AED75770031A60C /* MusicBandUITestsLaunchTests.swift */,
			);
			path = MusicBandUITests;
			sourceTree = "<group>";
		};
/* End PBXGroup section */

/* Begin PBXNativeTarget section */
		55A02DBD2AED75750031A60C /* MusicBand */ = {
			isa = PBXNativeTarget;
			buildConfigurationList = 55A02DE82AED75770031A60C /* Build configuration list for PBXNativeTarget "MusicBand" */;
			buildPhases = (
				55A02DBA2AED75750031A60C /* Sources */,
				55A02DBB2AED75750031A60C /* Frameworks */,
				55A02DBC2AED75750031A60C /* Resources */,
			);
			buildRules = (
			);
			dependencies = (
			);
			name = MusicBand;
			productName = MusicBand;
			productReference = 55A02DBE2AED75750031A60C /* MusicBand.app */;
			productType = "com.apple.product-type.application";
		};
		55A02DD32AED75770031A60C /* MusicBandTests */ = {
			isa = PBXNativeTarget;
			buildConfigurationList = 55A02DEB2AED75770031A60C /* Build configuration list for PBXNativeTarget "MusicBandTests" */;
			buildPhases = (
				55A02DD02AED75770031A60C /* Sources */,
				55A02DD12AED75770031A60C /* Frameworks */,
				55A02DD22AED75770031A60C /* Resources */,
			);
			buildRules = (
			);
			dependencies = (
				55A02DD62AED75770031A60C /* PBXTargetDependency */,
			);
			name = MusicBandTests;
			productName = MusicBandTests;
			productReference = 55A02DD42AED75770031A60C /* MusicBandTests.xctest */;
			productType = "com.apple.product-type.bundle.unit-test";
		};
		55A02DDD2AED75770031A60C /* MusicBandUITests */ = {
			isa = PBXNativeTarget;
			buildConfigurationList = 55A02DEE2AED75770031A60C /* Build configuration list for PBXNativeTarget "MusicBandUITests" */;
			buildPhases = (
				55A02DDA2AED75770031A60C /* Sources */,
				55A02DDB2AED75770031A60C /* Frameworks */,
				55A02DDC2AED75770031A60C /* Resources */,
			);
			buildRules = (
			);
			dependencies = (
				55A02DE02AED75770031A60C /* PBXTargetDependency */,
			);
			name = MusicBandUITests;
			productName = MusicBandUITests;
			productReference = 55A02DDE2AED75770031A60C /* MusicBandUITests.xctest */;
			productType = "com.apple.product-type.bundle.ui-testing";
		};
/* End PBXNativeTarget section */

/* Begin PBXProject section */
		55A02DB62AED75750031A60C /* Project object */ = {
			isa = PBXProject;
			attributes = {
				BuildIndependentTargetsInParallel = 1;
				LastSwiftUpdateCheck = 1500;
				LastUpgradeCheck = 1500;
				TargetAttributes = {
					55A02DBD2AED75750031A60C = {
						CreatedOnToolsVersion = 15.0;
					};
					55A02DD32AED75770031A60C = {
						CreatedOnToolsVersion = 15.0;
						TestTargetID = 55A02DBD2AED75750031A60C;
					};
					55A02DDD2AED75770031A60C = {
						CreatedOnToolsVersion = 15.0;
						TestTargetID = 55A02DBD2AED75750031A60C;
					};
				};
			};
			buildConfigurationList = 55A02DB92AED75750031A60C /* Build configuration list for PBXProject "MusicBand" */;
			compatibilityVersion = "Xcode 14.0";
			developmentRegion = en;
			hasScannedForEncodings = 0;
			knownRegions = (
				en,
				Base,
			);
			mainGroup = 55A02DB52AED75750031A60C;
			productRefGroup = 55A02DBF2AED75750031A60C /* Products */;
			projectDirPath = "";
			projectRoot = "";
			targets = (
				55A02DBD2AED75750031A60C /* MusicBand */,
				55A02DD32AED75770031A60C /* MusicBandTests */,
				55A02DDD2AED75770031A60C /* MusicBandUITests */,
			);
		};
/* End PBXProject section */

/* Begin PBXResourcesBuildPhase section */
		55A02DBC2AED75750031A60C /* Resources */ = {
			isa = PBXResourcesBuildPhase;
			buildActionMask = 2147483647;
			files = (
				55A02DCE2AED75770031A60C /* LaunchScreen.storyboard in Resources */,
				F25FD07E2AEF41AD007F1C8C /* TableViewCell.xib in Resources */,
				55A02DCB2AED75770031A60C /* Assets.xcassets in Resources */,
				55A02DC92AED75750031A60C /* Main.storyboard in Resources */,
			);
			runOnlyForDeploymentPostprocessing = 0;
		};
		55A02DD22AED75770031A60C /* Resources */ = {
			isa = PBXResourcesBuildPhase;
			buildActionMask = 2147483647;
			files = (
			);
			runOnlyForDeploymentPostprocessing = 0;
		};
		55A02DDC2AED75770031A60C /* Resources */ = {
			isa = PBXResourcesBuildPhase;
			buildActionMask = 2147483647;
			files = (
			);
			runOnlyForDeploymentPostprocessing = 0;
		};
/* End PBXResourcesBuildPhase section */

/* Begin PBXSourcesBuildPhase section */
		55A02DBA2AED75750031A60C /* Sources */ = {
			isa = PBXSourcesBuildPhase;
			buildActionMask = 2147483647;
			files = (
				55A02DC62AED75750031A60C /* ViewController.swift in Sources */,
				55A02DF62AED77E20031A60C /* AlbumsController.swift in Sources */,
				55A02DC22AED75750031A60C /* AppDelegate.swift in Sources */,
				F25FD07D2AEF41AD007F1C8C /* TableViewCell.swift in Sources */,
				55A02DC42AED75750031A60C /* SceneDelegate.swift in Sources */,
				55A02DFA2AED78760031A60C /* ArtistModel.swift in Sources */,
				55A02DF82AED78070031A60C /* CancionesController.swift in Sources */,
				55A02DFE2AED94150031A60C /* SongsModel.swift in Sources */,
				55A02DFC2AED878D0031A60C /* AlbumsModel.swift in Sources */,
			);
			runOnlyForDeploymentPostprocessing = 0;
		};
		55A02DD02AED75770031A60C /* Sources */ = {
			isa = PBXSourcesBuildPhase;
			buildActionMask = 2147483647;
			files = (
				55A02DD92AED75770031A60C /* MusicBandTests.swift in Sources */,
			);
			runOnlyForDeploymentPostprocessing = 0;
		};
		55A02DDA2AED75770031A60C /* Sources */ = {
			isa = PBXSourcesBuildPhase;
			buildActionMask = 2147483647;
			files = (
				55A02DE32AED75770031A60C /* MusicBandUITests.swift in Sources */,
				55A02DE52AED75770031A60C /* MusicBandUITestsLaunchTests.swift in Sources */,
			);
			runOnlyForDeploymentPostprocessing = 0;
		};
/* End PBXSourcesBuildPhase section */

/* Begin PBXTargetDependency section */
		55A02DD62AED75770031A60C /* PBXTargetDependency */ = {
			isa = PBXTargetDependency;
			target = 55A02DBD2AED75750031A60C /* MusicBand */;
			targetProxy = 55A02DD52AED75770031A60C /* PBXContainerItemProxy */;
		};
		55A02DE02AED75770031A60C /* PBXTargetDependency */ = {
			isa = PBXTargetDependency;
			target = 55A02DBD2AED75750031A60C /* MusicBand */;
			targetProxy = 55A02DDF2AED75770031A60C /* PBXContainerItemProxy */;
		};
/* End PBXTargetDependency section */

/* Begin PBXVariantGroup section */
		55A02DC72AED75750031A60C /* Main.storyboard */ = {
			isa = PBXVariantGroup;
			children = (
				55A02DC82AED75750031A60C /* Base */,
			);
			name = Main.storyboard;
			sourceTree = "<group>";
		};
		55A02DCC2AED75770031A60C /* LaunchScreen.storyboard */ = {
			isa = PBXVariantGroup;
			children = (
				55A02DCD2AED75770031A60C /* Base */,
			);
			name = LaunchScreen.storyboard;
			sourceTree = "<group>";
		};
/* End PBXVariantGroup section */

/* Begin XCBuildConfiguration section */
		55A02DE62AED75770031A60C /* Debug */ = {
			isa = XCBuildConfiguration;
			buildSettings = {
				ALWAYS_SEARCH_USER_PATHS = NO;
				ASSETCATALOG_COMPILER_GENERATE_SWIFT_ASSET_SYMBOL_EXTENSIONS = YES;
				CLANG_ANALYZER_NONNULL = YES;
				CLANG_ANALYZER_NUMBER_OBJECT_CONVERSION = YES_AGGRESSIVE;
				CLANG_CXX_LANGUAGE_STANDARD = "gnu++20";
				CLANG_ENABLE_MODULES = YES;
				CLANG_ENABLE_OBJC_ARC = YES;
				CLANG_ENABLE_OBJC_WEAK = YES;
				CLANG_WARN_BLOCK_CAPTURE_AUTORELEASING = YES;
				CLANG_WARN_BOOL_CONVERSION = YES;
				CLANG_WARN_COMMA = YES;
				CLANG_WARN_CONSTANT_CONVERSION = YES;
				CLANG_WARN_DEPRECATED_OBJC_IMPLEMENTATIONS = YES;
				CLANG_WARN_DIRECT_OBJC_ISA_USAGE = YES_ERROR;
				CLANG_WARN_DOCUMENTATION_COMMENTS = YES;
				CLANG_WARN_EMPTY_BODY = YES;
				CLANG_WARN_ENUM_CONVERSION = YES;
				CLANG_WARN_INFINITE_RECURSION = YES;
				CLANG_WARN_INT_CONVERSION = YES;
				CLANG_WARN_NON_LITERAL_NULL_CONVERSION = YES;
				CLANG_WARN_OBJC_IMPLICIT_RETAIN_SELF = YES;
				CLANG_WARN_OBJC_LITERAL_CONVERSION = YES;
				CLANG_WARN_OBJC_ROOT_CLASS = YES_ERROR;
				CLANG_WARN_QUOTED_INCLUDE_IN_FRAMEWORK_HEADER = YES;
				CLANG_WARN_RANGE_LOOP_ANALYSIS = YES;
				CLANG_WARN_STRICT_PROTOTYPES = YES;
				CLANG_WARN_SUSPICIOUS_MOVE = YES;
				CLANG_WARN_UNGUARDED_AVAILABILITY = YES_AGGRESSIVE;
				CLANG_WARN_UNREACHABLE_CODE = YES;
				CLANG_WARN__DUPLICATE_METHOD_MATCH = YES;
				COPY_PHASE_STRIP = NO;
				DEBUG_INFORMATION_FORMAT = dwarf;
				ENABLE_STRICT_OBJC_MSGSEND = YES;
				ENABLE_TESTABILITY = YES;
				ENABLE_USER_SCRIPT_SANDBOXING = YES;
				GCC_C_LANGUAGE_STANDARD = gnu17;
				GCC_DYNAMIC_NO_PIC = NO;
				GCC_NO_COMMON_BLOCKS = YES;
				GCC_OPTIMIZATION_LEVEL = 0;
				GCC_PREPROCESSOR_DEFINITIONS = (
					"DEBUG=1",
					"$(inherited)",
				);
				GCC_WARN_64_TO_32_BIT_CONVERSION = YES;
				GCC_WARN_ABOUT_RETURN_TYPE = YES_ERROR;
				GCC_WARN_UNDECLARED_SELECTOR = YES;
				GCC_WARN_UNINITIALIZED_AUTOS = YES_AGGRESSIVE;
				GCC_WARN_UNUSED_FUNCTION = YES;
				GCC_WARN_UNUSED_VARIABLE = YES;
				IPHONEOS_DEPLOYMENT_TARGET = 17.0;
				LOCALIZATION_PREFERS_STRING_CATALOGS = YES;
				MTL_ENABLE_DEBUG_INFO = INCLUDE_SOURCE;
				MTL_FAST_MATH = YES;
				ONLY_ACTIVE_ARCH = YES;
				SDKROOT = iphoneos;
				SWIFT_ACTIVE_COMPILATION_CONDITIONS = "DEBUG $(inherited)";
				SWIFT_OPTIMIZATION_LEVEL = "-Onone";
			};
			name = Debug;
		};
		55A02DE72AED75770031A60C /* Release */ = {
			isa = XCBuildConfiguration;
			buildSettings = {
				ALWAYS_SEARCH_USER_PATHS = NO;
				ASSETCATALOG_COMPILER_GENERATE_SWIFT_ASSET_SYMBOL_EXTENSIONS = YES;
				CLANG_ANALYZER_NONNULL = YES;
				CLANG_ANALYZER_NUMBER_OBJECT_CONVERSION = YES_AGGRESSIVE;
				CLANG_CXX_LANGUAGE_STANDARD = "gnu++20";
				CLANG_ENABLE_MODULES = YES;
				CLANG_ENABLE_OBJC_ARC = YES;
				CLANG_ENABLE_OBJC_WEAK = YES;
				CLANG_WARN_BLOCK_CAPTURE_AUTORELEASING = YES;
				CLANG_WARN_BOOL_CONVERSION = YES;
				CLANG_WARN_COMMA = YES;
				CLANG_WARN_CONSTANT_CONVERSION = YES;
				CLANG_WARN_DEPRECATED_OBJC_IMPLEMENTATIONS = YES;
				CLANG_WARN_DIRECT_OBJC_ISA_USAGE = YES_ERROR;
				CLANG_WARN_DOCUMENTATION_COMMENTS = YES;
				CLANG_WARN_EMPTY_BODY = YES;
				CLANG_WARN_ENUM_CONVERSION = YES;
				CLANG_WARN_INFINITE_RECURSION = YES;
				CLANG_WARN_INT_CONVERSION = YES;
				CLANG_WARN_NON_LITERAL_NULL_CONVERSION = YES;
				CLANG_WARN_OBJC_IMPLICIT_RETAIN_SELF = YES;
				CLANG_WARN_OBJC_LITERAL_CONVERSION = YES;
				CLANG_WARN_OBJC_ROOT_CLASS = YES_ERROR;
				CLANG_WARN_QUOTED_INCLUDE_IN_FRAMEWORK_HEADER = YES;
				CLANG_WARN_RANGE_LOOP_ANALYSIS = YES;
				CLANG_WARN_STRICT_PROTOTYPES = YES;
				CLANG_WARN_SUSPICIOUS_MOVE = YES;
				CLANG_WARN_UNGUARDED_AVAILABILITY = YES_AGGRESSIVE;
				CLANG_WARN_UNREACHABLE_CODE = YES;
				CLANG_WARN__DUPLICATE_METHOD_MATCH = YES;
				COPY_PHASE_STRIP = NO;
				DEBUG_INFORMATION_FORMAT = "dwarf-with-dsym";
				ENABLE_NS_ASSERTIONS = NO;
				ENABLE_STRICT_OBJC_MSGSEND = YES;
				ENABLE_USER_SCRIPT_SANDBOXING = YES;
				GCC_C_LANGUAGE_STANDARD = gnu17;
				GCC_NO_COMMON_BLOCKS = YES;
				GCC_WARN_64_TO_32_BIT_CONVERSION = YES;
				GCC_WARN_ABOUT_RETURN_TYPE = YES_ERROR;
				GCC_WARN_UNDECLARED_SELECTOR = YES;
				GCC_WARN_UNINITIALIZED_AUTOS = YES_AGGRESSIVE;
				GCC_WARN_UNUSED_FUNCTION = YES;
				GCC_WARN_UNUSED_VARIABLE = YES;
				IPHONEOS_DEPLOYMENT_TARGET = 17.0;
				LOCALIZATION_PREFERS_STRING_CATALOGS = YES;
				MTL_ENABLE_DEBUG_INFO = NO;
				MTL_FAST_MATH = YES;
				SDKROOT = iphoneos;
				SWIFT_COMPILATION_MODE = wholemodule;
				VALIDATE_PRODUCT = YES;
			};
			name = Release;
		};
		55A02DE92AED75770031A60C /* Debug */ = {
			isa = XCBuildConfiguration;
			buildSettings = {
				ASSETCATALOG_COMPILER_APPICON_NAME = AppIcon;
				ASSETCATALOG_COMPILER_GLOBAL_ACCENT_COLOR_NAME = AccentColor;
				CODE_SIGN_STYLE = Automatic;
				CURRENT_PROJECT_VERSION = 1;
				GENERATE_INFOPLIST_FILE = YES;
				INFOPLIST_FILE = MusicBand/Info.plist;
				INFOPLIST_KEY_UIApplicationSupportsIndirectInputEvents = YES;
				INFOPLIST_KEY_UILaunchStoryboardName = LaunchScreen;
				INFOPLIST_KEY_UIMainStoryboardFile = Main;
				INFOPLIST_KEY_UISupportedInterfaceOrientations_iPad = "UIInterfaceOrientationPortrait UIInterfaceOrientationPortraitUpsideDown UIInterfaceOrientationLandscapeLeft UIInterfaceOrientationLandscapeRight";
				INFOPLIST_KEY_UISupportedInterfaceOrientations_iPhone = "UIInterfaceOrientationPortrait UIInterfaceOrientationLandscapeLeft UIInterfaceOrientationLandscapeRight";
				LD_RUNPATH_SEARCH_PATHS = (
					"$(inherited)",
					"@executable_path/Frameworks",
				);
				MARKETING_VERSION = 1.0;
				PRODUCT_BUNDLE_IDENTIFIER = "Gustavo-Ali.MusicBand";
				PRODUCT_NAME = "$(TARGET_NAME)";
				SWIFT_EMIT_LOC_STRINGS = YES;
				SWIFT_VERSION = 5.0;
				TARGETED_DEVICE_FAMILY = "1,2";
			};
			name = Debug;
		};
		55A02DEA2AED75770031A60C /* Release */ = {
			isa = XCBuildConfiguration;
			buildSettings = {
				ASSETCATALOG_COMPILER_APPICON_NAME = AppIcon;
				ASSETCATALOG_COMPILER_GLOBAL_ACCENT_COLOR_NAME = AccentColor;
				CODE_SIGN_STYLE = Automatic;
				CURRENT_PROJECT_VERSION = 1;
				GENERATE_INFOPLIST_FILE = YES;
				INFOPLIST_FILE = MusicBand/Info.plist;
				INFOPLIST_KEY_UIApplicationSupportsIndirectInputEvents = YES;
				INFOPLIST_KEY_UILaunchStoryboardName = LaunchScreen;
				INFOPLIST_KEY_UIMainStoryboardFile = Main;
				INFOPLIST_KEY_UISupportedInterfaceOrientations_iPad = "UIInterfaceOrientationPortrait UIInterfaceOrientationPortraitUpsideDown UIInterfaceOrientationLandscapeLeft UIInterfaceOrientationLandscapeRight";
				INFOPLIST_KEY_UISupportedInterfaceOrientations_iPhone = "UIInterfaceOrientationPortrait UIInterfaceOrientationLandscapeLeft UIInterfaceOrientationLandscapeRight";
				LD_RUNPATH_SEARCH_PATHS = (
					"$(inherited)",
					"@executable_path/Frameworks",
				);
				MARKETING_VERSION = 1.0;
				PRODUCT_BUNDLE_IDENTIFIER = "Gustavo-Ali.MusicBand";
				PRODUCT_NAME = "$(TARGET_NAME)";
				SWIFT_EMIT_LOC_STRINGS = YES;
				SWIFT_VERSION = 5.0;
				TARGETED_DEVICE_FAMILY = "1,2";
			};
			name = Release;
		};
		55A02DEC2AED75770031A60C /* Debug */ = {
			isa = XCBuildConfiguration;
			buildSettings = {
				ALWAYS_EMBED_SWIFT_STANDARD_LIBRARIES = YES;
				BUNDLE_LOADER = "$(TEST_HOST)";
				CODE_SIGN_STYLE = Automatic;
				CURRENT_PROJECT_VERSION = 1;
				GENERATE_INFOPLIST_FILE = YES;
				IPHONEOS_DEPLOYMENT_TARGET = 17.0;
				MARKETING_VERSION = 1.0;
				PRODUCT_BUNDLE_IDENTIFIER = "Gustavo-Ali.MusicBandTests";
				PRODUCT_NAME = "$(TARGET_NAME)";
				SWIFT_EMIT_LOC_STRINGS = NO;
				SWIFT_VERSION = 5.0;
				TARGETED_DEVICE_FAMILY = "1,2";
				TEST_HOST = "$(BUILT_PRODUCTS_DIR)/MusicBand.app/$(BUNDLE_EXECUTABLE_FOLDER_PATH)/MusicBand";
			};
			name = Debug;
		};
		55A02DED2AED75770031A60C /* Release */ = {
			isa = XCBuildConfiguration;
			buildSettings = {
				ALWAYS_EMBED_SWIFT_STANDARD_LIBRARIES = YES;
				BUNDLE_LOADER = "$(TEST_HOST)";
				CODE_SIGN_STYLE = Automatic;
				CURRENT_PROJECT_VERSION = 1;
				GENERATE_INFOPLIST_FILE = YES;
				IPHONEOS_DEPLOYMENT_TARGET = 17.0;
				MARKETING_VERSION = 1.0;
				PRODUCT_BUNDLE_IDENTIFIER = "Gustavo-Ali.MusicBandTests";
				PRODUCT_NAME = "$(TARGET_NAME)";
				SWIFT_EMIT_LOC_STRINGS = NO;
				SWIFT_VERSION = 5.0;
				TARGETED_DEVICE_FAMILY = "1,2";
				TEST_HOST = "$(BUILT_PRODUCTS_DIR)/MusicBand.app/$(BUNDLE_EXECUTABLE_FOLDER_PATH)/MusicBand";
			};
			name = Release;
		};
		55A02DEF2AED75770031A60C /* Debug */ = {
			isa = XCBuildConfiguration;
			buildSettings = {
				ALWAYS_EMBED_SWIFT_STANDARD_LIBRARIES = YES;
				CODE_SIGN_STYLE = Automatic;
				CURRENT_PROJECT_VERSION = 1;
				GENERATE_INFOPLIST_FILE = YES;
				MARKETING_VERSION = 1.0;
				PRODUCT_BUNDLE_IDENTIFIER = "Gustavo-Ali.MusicBandUITests";
				PRODUCT_NAME = "$(TARGET_NAME)";
				SWIFT_EMIT_LOC_STRINGS = NO;
				SWIFT_VERSION = 5.0;
				TARGETED_DEVICE_FAMILY = "1,2";
				TEST_TARGET_NAME = MusicBand;
			};
			name = Debug;
		};
		55A02DF02AED75770031A60C /* Release */ = {
			isa = XCBuildConfiguration;
			buildSettings = {
				ALWAYS_EMBED_SWIFT_STANDARD_LIBRARIES = YES;
				CODE_SIGN_STYLE = Automatic;
				CURRENT_PROJECT_VERSION = 1;
				GENERATE_INFOPLIST_FILE = YES;
				MARKETING_VERSION = 1.0;
				PRODUCT_BUNDLE_IDENTIFIER = "Gustavo-Ali.MusicBandUITests";
				PRODUCT_NAME = "$(TARGET_NAME)";
				SWIFT_EMIT_LOC_STRINGS = NO;
				SWIFT_VERSION = 5.0;
				TARGETED_DEVICE_FAMILY = "1,2";
				TEST_TARGET_NAME = MusicBand;
			};
			name = Release;
		};
/* End XCBuildConfiguration section */

/* Begin XCConfigurationList section */
		55A02DB92AED75750031A60C /* Build configuration list for PBXProject "MusicBand" */ = {
			isa = XCConfigurationList;
			buildConfigurations = (
				55A02DE62AED75770031A60C /* Debug */,
				55A02DE72AED75770031A60C /* Release */,
			);
			defaultConfigurationIsVisible = 0;
			defaultConfigurationName = Release;
		};
		55A02DE82AED75770031A60C /* Build configuration list for PBXNativeTarget "MusicBand" */ = {
			isa = XCConfigurationList;
			buildConfigurations = (
				55A02DE92AED75770031A60C /* Debug */,
				55A02DEA2AED75770031A60C /* Release */,
			);
			defaultConfigurationIsVisible = 0;
			defaultConfigurationName = Release;
		};
		55A02DEB2AED75770031A60C /* Build configuration list for PBXNativeTarget "MusicBandTests" */ = {
			isa = XCConfigurationList;
			buildConfigurations = (
				55A02DEC2AED75770031A60C /* Debug */,
				55A02DED2AED75770031A60C /* Release */,
			);
			defaultConfigurationIsVisible = 0;
			defaultConfigurationName = Release;
		};
		55A02DEE2AED75770031A60C /* Build configuration list for PBXNativeTarget "MusicBandUITests" */ = {
			isa = XCConfigurationList;
			buildConfigurations = (
				55A02DEF2AED75770031A60C /* Debug */,
				55A02DF02AED75770031A60C /* Release */,
			);
			defaultConfigurationIsVisible = 0;
			defaultConfigurationName = Release;
		};
/* End XCConfigurationList section */
	};
	rootObject = 55A02DB62AED75750031A60C /* Project object */;
}
