// !$*UTF8*$!
{
	archiveVersion = 1;
	classes = {
	};
	objectVersion = 56;
	objects = {

/* Begin PBXBuildFile section */
		F275655B2AF4A35F006DEA33 /* AppDelegate.swift in Sources */ = {isa = PBXBuildFile; fileRef = F275655A2AF4A35F006DEA33 /* AppDelegate.swift */; };
		F275655D2AF4A35F006DEA33 /* SceneDelegate.swift in Sources */ = {isa = PBXBuildFile; fileRef = F275655C2AF4A35F006DEA33 /* SceneDelegate.swift */; };
		F275655F2AF4A35F006DEA33 /* ViewController.swift in Sources */ = {isa = PBXBuildFile; fileRef = F275655E2AF4A35F006DEA33 /* ViewController.swift */; };
		F27565622AF4A35F006DEA33 /* Main.storyboard in Resources */ = {isa = PBXBuildFile; fileRef = F27565602AF4A35F006DEA33 /* Main.storyboard */; };
		F27565642AF4A360006DEA33 /* Assets.xcassets in Resources */ = {isa = PBXBuildFile; fileRef = F27565632AF4A360006DEA33 /* Assets.xcassets */; };
		F27565672AF4A360006DEA33 /* LaunchScreen.storyboard in Resources */ = {isa = PBXBuildFile; fileRef = F27565652AF4A360006DEA33 /* LaunchScreen.storyboard */; };
		F27565722AF4A360006DEA33 /* TablesTests.swift in Sources */ = {isa = PBXBuildFile; fileRef = F27565712AF4A360006DEA33 /* TablesTests.swift */; };
		F275657C2AF4A360006DEA33 /* TablesUITests.swift in Sources */ = {isa = PBXBuildFile; fileRef = F275657B2AF4A360006DEA33 /* TablesUITests.swift */; };
		F275657E2AF4A360006DEA33 /* TablesUITestsLaunchTests.swift in Sources */ = {isa = PBXBuildFile; fileRef = F275657D2AF4A360006DEA33 /* TablesUITestsLaunchTests.swift */; };
/* End PBXBuildFile section */

/* Begin PBXContainerItemProxy section */
		F275656E2AF4A360006DEA33 /* PBXContainerItemProxy */ = {
			isa = PBXContainerItemProxy;
			containerPortal = F275654F2AF4A35F006DEA33 /* Project object */;
			proxyType = 1;
			remoteGlobalIDString = F27565562AF4A35F006DEA33;
			remoteInfo = Tables;
		};
		F27565782AF4A360006DEA33 /* PBXContainerItemProxy */ = {
			isa = PBXContainerItemProxy;
			containerPortal = F275654F2AF4A35F006DEA33 /* Project object */;
			proxyType = 1;
			remoteGlobalIDString = F27565562AF4A35F006DEA33;
			remoteInfo = Tables;
		};
/* End PBXContainerItemProxy section */

/* Begin PBXFileReference section */
		F27565572AF4A35F006DEA33 /* Tables.app */ = {isa = PBXFileReference; explicitFileType = wrapper.application; includeInIndex = 0; path = Tables.app; sourceTree = BUILT_PRODUCTS_DIR; };
		F275655A2AF4A35F006DEA33 /* AppDelegate.swift */ = {isa = PBXFileReference; lastKnownFileType = sourcecode.swift; path = AppDelegate.swift; sourceTree = "<group>"; };
		F275655C2AF4A35F006DEA33 /* SceneDelegate.swift */ = {isa = PBXFileReference; lastKnownFileType = sourcecode.swift; path = SceneDelegate.swift; sourceTree = "<group>"; };
		F275655E2AF4A35F006DEA33 /* ViewController.swift */ = {isa = PBXFileReference; lastKnownFileType = sourcecode.swift; path = ViewController.swift; sourceTree = "<group>"; };
		F27565612AF4A35F006DEA33 /* Base */ = {isa = PBXFileReference; lastKnownFileType = file.storyboard; name = Base; path = Base.lproj/Main.storyboard; sourceTree = "<group>"; };
		F27565632AF4A360006DEA33 /* Assets.xcassets */ = {isa = PBXFileReference; lastKnownFileType = folder.assetcatalog; path = Assets.xcassets; sourceTree = "<group>"; };
		F27565662AF4A360006DEA33 /* Base */ = {isa = PBXFileReference; lastKnownFileType = file.storyboard; name = Base; path = Base.lproj/LaunchScreen.storyboard; sourceTree = "<group>"; };
		F27565682AF4A360006DEA33 /* Info.plist */ = {isa = PBXFileReference; lastKnownFileType = text.plist.xml; path = Info.plist; sourceTree = "<group>"; };
		F275656D2AF4A360006DEA33 /* TablesTests.xctest */ = {isa = PBXFileReference; explicitFileType = wrapper.cfbundle; includeInIndex = 0; path = TablesTests.xctest; sourceTree = BUILT_PRODUCTS_DIR; };
		F27565712AF4A360006DEA33 /* TablesTests.swift */ = {isa = PBXFileReference; lastKnownFileType = sourcecode.swift; path = TablesTests.swift; sourceTree = "<group>"; };
		F27565772AF4A360006DEA33 /* TablesUITests.xctest */ = {isa = PBXFileReference; explicitFileType = wrapper.cfbundle; includeInIndex = 0; path = TablesUITests.xctest; sourceTree = BUILT_PRODUCTS_DIR; };
		F275657B2AF4A360006DEA33 /* TablesUITests.swift */ = {isa = PBXFileReference; lastKnownFileType = sourcecode.swift; path = TablesUITests.swift; sourceTree = "<group>"; };
		F275657D2AF4A360006DEA33 /* TablesUITestsLaunchTests.swift */ = {isa = PBXFileReference; lastKnownFileType = sourcecode.swift; path = TablesUITestsLaunchTests.swift; sourceTree = "<group>"; };
/* End PBXFileReference section */

/* Begin PBXFrameworksBuildPhase section */
		F27565542AF4A35F006DEA33 /* Frameworks */ = {
			isa = PBXFrameworksBuildPhase;
			buildActionMask = 2147483647;
			files = (
			);
			runOnlyForDeploymentPostprocessing = 0;
		};
		F275656A2AF4A360006DEA33 /* Frameworks */ = {
			isa = PBXFrameworksBuildPhase;
			buildActionMask = 2147483647;
			files = (
			);
			runOnlyForDeploymentPostprocessing = 0;
		};
		F27565742AF4A360006DEA33 /* Frameworks */ = {
			isa = PBXFrameworksBuildPhase;
			buildActionMask = 2147483647;
			files = (
			);
			runOnlyForDeploymentPostprocessing = 0;
		};
/* End PBXFrameworksBuildPhase section */

/* Begin PBXGroup section */
		F275654E2AF4A35F006DEA33 = {
			isa = PBXGroup;
			children = (
				F27565592AF4A35F006DEA33 /* Tables */,
				F27565702AF4A360006DEA33 /* TablesTests */,
				F275657A2AF4A360006DEA33 /* TablesUITests */,
				F27565582AF4A35F006DEA33 /* Products */,
			);
			sourceTree = "<group>";
		};
		F27565582AF4A35F006DEA33 /* Products */ = {
			isa = PBXGroup;
			children = (
				F27565572AF4A35F006DEA33 /* Tables.app */,
				F275656D2AF4A360006DEA33 /* TablesTests.xctest */,
				F27565772AF4A360006DEA33 /* TablesUITests.xctest */,
			);
			name = Products;
			sourceTree = "<group>";
		};
		F27565592AF4A35F006DEA33 /* Tables */ = {
			isa = PBXGroup;
			children = (
				F275655A2AF4A35F006DEA33 /* AppDelegate.swift */,
				F275655C2AF4A35F006DEA33 /* SceneDelegate.swift */,
				F275655E2AF4A35F006DEA33 /* ViewController.swift */,
				F27565602AF4A35F006DEA33 /* Main.storyboard */,
				F27565632AF4A360006DEA33 /* Assets.xcassets */,
				F27565652AF4A360006DEA33 /* LaunchScreen.storyboard */,
				F27565682AF4A360006DEA33 /* Info.plist */,
			);
			path = Tables;
			sourceTree = "<group>";
		};
		F27565702AF4A360006DEA33 /* TablesTests */ = {
			isa = PBXGroup;
			children = (
				F27565712AF4A360006DEA33 /* TablesTests.swift */,
			);
			path = TablesTests;
			sourceTree = "<group>";
		};
		F275657A2AF4A360006DEA33 /* TablesUITests */ = {
			isa = PBXGroup;
			children = (
				F275657B2AF4A360006DEA33 /* TablesUITests.swift */,
				F275657D2AF4A360006DEA33 /* TablesUITestsLaunchTests.swift */,
			);
			path = TablesUITests;
			sourceTree = "<group>";
		};
/* End PBXGroup section */

/* Begin PBXNativeTarget section */
		F27565562AF4A35F006DEA33 /* Tables */ = {
			isa = PBXNativeTarget;
			buildConfigurationList = F27565812AF4A360006DEA33 /* Build configuration list for PBXNativeTarget "Tables" */;
			buildPhases = (
				F27565532AF4A35F006DEA33 /* Sources */,
				F27565542AF4A35F006DEA33 /* Frameworks */,
				F27565552AF4A35F006DEA33 /* Resources */,
			);
			buildRules = (
			);
			dependencies = (
			);
			name = Tables;
			productName = Tables;
			productReference = F27565572AF4A35F006DEA33 /* Tables.app */;
			productType = "com.apple.product-type.application";
		};
		F275656C2AF4A360006DEA33 /* TablesTests */ = {
			isa = PBXNativeTarget;
			buildConfigurationList = F27565842AF4A360006DEA33 /* Build configuration list for PBXNativeTarget "TablesTests" */;
			buildPhases = (
				F27565692AF4A360006DEA33 /* Sources */,
				F275656A2AF4A360006DEA33 /* Frameworks */,
				F275656B2AF4A360006DEA33 /* Resources */,
			);
			buildRules = (
			);
			dependencies = (
				F275656F2AF4A360006DEA33 /* PBXTargetDependency */,
			);
			name = TablesTests;
			productName = TablesTests;
			productReference = F275656D2AF4A360006DEA33 /* TablesTests.xctest */;
			productType = "com.apple.product-type.bundle.unit-test";
		};
		F27565762AF4A360006DEA33 /* TablesUITests */ = {
			isa = PBXNativeTarget;
			buildConfigurationList = F27565872AF4A360006DEA33 /* Build configuration list for PBXNativeTarget "TablesUITests" */;
			buildPhases = (
				F27565732AF4A360006DEA33 /* Sources */,
				F27565742AF4A360006DEA33 /* Frameworks */,
				F27565752AF4A360006DEA33 /* Resources */,
			);
			buildRules = (
			);
			dependencies = (
				F27565792AF4A360006DEA33 /* PBXTargetDependency */,
			);
			name = TablesUITests;
			productName = TablesUITests;
			productReference = F27565772AF4A360006DEA33 /* TablesUITests.xctest */;
			productType = "com.apple.product-type.bundle.ui-testing";
		};
/* End PBXNativeTarget section */

/* Begin PBXProject section */
		F275654F2AF4A35F006DEA33 /* Project object */ = {
			isa = PBXProject;
			attributes = {
				BuildIndependentTargetsInParallel = 1;
				LastSwiftUpdateCheck = 1500;
				LastUpgradeCheck = 1500;
				TargetAttributes = {
					F27565562AF4A35F006DEA33 = {
						CreatedOnToolsVersion = 15.0;
					};
					F275656C2AF4A360006DEA33 = {
						CreatedOnToolsVersion = 15.0;
						TestTargetID = F27565562AF4A35F006DEA33;
					};
					F27565762AF4A360006DEA33 = {
						CreatedOnToolsVersion = 15.0;
						TestTargetID = F27565562AF4A35F006DEA33;
					};
				};
			};
			buildConfigurationList = F27565522AF4A35F006DEA33 /* Build configuration list for PBXProject "Tables" */;
			compatibilityVersion = "Xcode 14.0";
			developmentRegion = en;
			hasScannedForEncodings = 0;
			knownRegions = (
				en,
				Base,
			);
			mainGroup = F275654E2AF4A35F006DEA33;
			productRefGroup = F27565582AF4A35F006DEA33 /* Products */;
			projectDirPath = "";
			projectRoot = "";
			targets = (
				F27565562AF4A35F006DEA33 /* Tables */,
				F275656C2AF4A360006DEA33 /* TablesTests */,
				F27565762AF4A360006DEA33 /* TablesUITests */,
			);
		};
/* End PBXProject section */

/* Begin PBXResourcesBuildPhase section */
		F27565552AF4A35F006DEA33 /* Resources */ = {
			isa = PBXResourcesBuildPhase;
			buildActionMask = 2147483647;
			files = (
				F27565672AF4A360006DEA33 /* LaunchScreen.storyboard in Resources */,
				F27565642AF4A360006DEA33 /* Assets.xcassets in Resources */,
				F27565622AF4A35F006DEA33 /* Main.storyboard in Resources */,
			);
			runOnlyForDeploymentPostprocessing = 0;
		};
		F275656B2AF4A360006DEA33 /* Resources */ = {
			isa = PBXResourcesBuildPhase;
			buildActionMask = 2147483647;
			files = (
			);
			runOnlyForDeploymentPostprocessing = 0;
		};
		F27565752AF4A360006DEA33 /* Resources */ = {
			isa = PBXResourcesBuildPhase;
			buildActionMask = 2147483647;
			files = (
			);
			runOnlyForDeploymentPostprocessing = 0;
		};
/* End PBXResourcesBuildPhase section */

/* Begin PBXSourcesBuildPhase section */
		F27565532AF4A35F006DEA33 /* Sources */ = {
			isa = PBXSourcesBuildPhase;
			buildActionMask = 2147483647;
			files = (
				F275655F2AF4A35F006DEA33 /* ViewController.swift in Sources */,
				F275655B2AF4A35F006DEA33 /* AppDelegate.swift in Sources */,
				F275655D2AF4A35F006DEA33 /* SceneDelegate.swift in Sources */,
			);
			runOnlyForDeploymentPostprocessing = 0;
		};
		F27565692AF4A360006DEA33 /* Sources */ = {
			isa = PBXSourcesBuildPhase;
			buildActionMask = 2147483647;
			files = (
				F27565722AF4A360006DEA33 /* TablesTests.swift in Sources */,
			);
			runOnlyForDeploymentPostprocessing = 0;
		};
		F27565732AF4A360006DEA33 /* Sources */ = {
			isa = PBXSourcesBuildPhase;
			buildActionMask = 2147483647;
			files = (
				F275657C2AF4A360006DEA33 /* TablesUITests.swift in Sources */,
				F275657E2AF4A360006DEA33 /* TablesUITestsLaunchTests.swift in Sources */,
			);
			runOnlyForDeploymentPostprocessing = 0;
		};
/* End PBXSourcesBuildPhase section */

/* Begin PBXTargetDependency section */
		F275656F2AF4A360006DEA33 /* PBXTargetDependency */ = {
			isa = PBXTargetDependency;
			target = F27565562AF4A35F006DEA33 /* Tables */;
			targetProxy = F275656E2AF4A360006DEA33 /* PBXContainerItemProxy */;
		};
		F27565792AF4A360006DEA33 /* PBXTargetDependency */ = {
			isa = PBXTargetDependency;
			target = F27565562AF4A35F006DEA33 /* Tables */;
			targetProxy = F27565782AF4A360006DEA33 /* PBXContainerItemProxy */;
		};
/* End PBXTargetDependency section */

/* Begin PBXVariantGroup section */
		F27565602AF4A35F006DEA33 /* Main.storyboard */ = {
			isa = PBXVariantGroup;
			children = (
				F27565612AF4A35F006DEA33 /* Base */,
			);
			name = Main.storyboard;
			sourceTree = "<group>";
		};
		F27565652AF4A360006DEA33 /* LaunchScreen.storyboard */ = {
			isa = PBXVariantGroup;
			children = (
				F27565662AF4A360006DEA33 /* Base */,
			);
			name = LaunchScreen.storyboard;
			sourceTree = "<group>";
		};
/* End PBXVariantGroup section */

/* Begin XCBuildConfiguration section */
		F275657F2AF4A360006DEA33 /* Debug */ = {
			isa = XCBuildConfiguration;
			buildSettings = {
				ALWAYS_SEARCH_USER_PATHS = NO;
				ASSETCATALOG_COMPILER_GENERATE_SWIFT_ASSET_SYMBOL_EXTENSIONS = YES;
				CLANG_ANALYZER_NONNULL = YES;
				CLANG_ANALYZER_NUMBER_OBJECT_CONVERSION = YES_AGGRESSIVE;
				CLANG_CXX_LANGUAGE_STANDARD = "gnu++20";
				CLANG_ENABLE_MODULES = YES;
				CLANG_ENABLE_OBJC_ARC = YES;
				CLANG_ENABLE_OBJC_WEAK = YES;
				CLANG_WARN_BLOCK_CAPTURE_AUTORELEASING = YES;
				CLANG_WARN_BOOL_CONVERSION = YES;
				CLANG_WARN_COMMA = YES;
				CLANG_WARN_CONSTANT_CONVERSION = YES;
				CLANG_WARN_DEPRECATED_OBJC_IMPLEMENTATIONS = YES;
				CLANG_WARN_DIRECT_OBJC_ISA_USAGE = YES_ERROR;
				CLANG_WARN_DOCUMENTATION_COMMENTS = YES;
				CLANG_WARN_EMPTY_BODY = YES;
				CLANG_WARN_ENUM_CONVERSION = YES;
				CLANG_WARN_INFINITE_RECURSION = YES;
				CLANG_WARN_INT_CONVERSION = YES;
				CLANG_WARN_NON_LITERAL_NULL_CONVERSION = YES;
				CLANG_WARN_OBJC_IMPLICIT_RETAIN_SELF = YES;
				CLANG_WARN_OBJC_LITERAL_CONVERSION = YES;
				CLANG_WARN_OBJC_ROOT_CLASS = YES_ERROR;
				CLANG_WARN_QUOTED_INCLUDE_IN_FRAMEWORK_HEADER = YES;
				CLANG_WARN_RANGE_LOOP_ANALYSIS = YES;
				CLANG_WARN_STRICT_PROTOTYPES = YES;
				CLANG_WARN_SUSPICIOUS_MOVE = YES;
				CLANG_WARN_UNGUARDED_AVAILABILITY = YES_AGGRESSIVE;
				CLANG_WARN_UNREACHABLE_CODE = YES;
				CLANG_WARN__DUPLICATE_METHOD_MATCH = YES;
				COPY_PHASE_STRIP = NO;
				DEBUG_INFORMATION_FORMAT = dwarf;
				ENABLE_STRICT_OBJC_MSGSEND = YES;
				ENABLE_TESTABILITY = YES;
				ENABLE_USER_SCRIPT_SANDBOXING = YES;
				GCC_C_LANGUAGE_STANDARD = gnu17;
				GCC_DYNAMIC_NO_PIC = NO;
				GCC_NO_COMMON_BLOCKS = YES;
				GCC_OPTIMIZATION_LEVEL = 0;
				GCC_PREPROCESSOR_DEFINITIONS = (
					"DEBUG=1",
					"$(inherited)",
				);
				GCC_WARN_64_TO_32_BIT_CONVERSION = YES;
				GCC_WARN_ABOUT_RETURN_TYPE = YES_ERROR;
				GCC_WARN_UNDECLARED_SELECTOR = YES;
				GCC_WARN_UNINITIALIZED_AUTOS = YES_AGGRESSIVE;
				GCC_WARN_UNUSED_FUNCTION = YES;
				GCC_WARN_UNUSED_VARIABLE = YES;
				IPHONEOS_DEPLOYMENT_TARGET = 17.0;
				LOCALIZATION_PREFERS_STRING_CATALOGS = YES;
				MTL_ENABLE_DEBUG_INFO = INCLUDE_SOURCE;
				MTL_FAST_MATH = YES;
				ONLY_ACTIVE_ARCH = YES;
				SDKROOT = iphoneos;
				SWIFT_ACTIVE_COMPILATION_CONDITIONS = "DEBUG $(inherited)";
				SWIFT_OPTIMIZATION_LEVEL = "-Onone";
			};
			name = Debug;
		};
		F27565802AF4A360006DEA33 /* Release */ = {
			isa = XCBuildConfiguration;
			buildSettings = {
				ALWAYS_SEARCH_USER_PATHS = NO;
				ASSETCATALOG_COMPILER_GENERATE_SWIFT_ASSET_SYMBOL_EXTENSIONS = YES;
				CLANG_ANALYZER_NONNULL = YES;
				CLANG_ANALYZER_NUMBER_OBJECT_CONVERSION = YES_AGGRESSIVE;
				CLANG_CXX_LANGUAGE_STANDARD = "gnu++20";
				CLANG_ENABLE_MODULES = YES;
				CLANG_ENABLE_OBJC_ARC = YES;
				CLANG_ENABLE_OBJC_WEAK = YES;
				CLANG_WARN_BLOCK_CAPTURE_AUTORELEASING = YES;
				CLANG_WARN_BOOL_CONVERSION = YES;
				CLANG_WARN_COMMA = YES;
				CLANG_WARN_CONSTANT_CONVERSION = YES;
				CLANG_WARN_DEPRECATED_OBJC_IMPLEMENTATIONS = YES;
				CLANG_WARN_DIRECT_OBJC_ISA_USAGE = YES_ERROR;
				CLANG_WARN_DOCUMENTATION_COMMENTS = YES;
				CLANG_WARN_EMPTY_BODY = YES;
				CLANG_WARN_ENUM_CONVERSION = YES;
				CLANG_WARN_INFINITE_RECURSION = YES;
				CLANG_WARN_INT_CONVERSION = YES;
				CLANG_WARN_NON_LITERAL_NULL_CONVERSION = YES;
				CLANG_WARN_OBJC_IMPLICIT_RETAIN_SELF = YES;
				CLANG_WARN_OBJC_LITERAL_CONVERSION = YES;
				CLANG_WARN_OBJC_ROOT_CLASS = YES_ERROR;
				CLANG_WARN_QUOTED_INCLUDE_IN_FRAMEWORK_HEADER = YES;
				CLANG_WARN_RANGE_LOOP_ANALYSIS = YES;
				CLANG_WARN_STRICT_PROTOTYPES = YES;
				CLANG_WARN_SUSPICIOUS_MOVE = YES;
				CLANG_WARN_UNGUARDED_AVAILABILITY = YES_AGGRESSIVE;
				CLANG_WARN_UNREACHABLE_CODE = YES;
				CLANG_WARN__DUPLICATE_METHOD_MATCH = YES;
				COPY_PHASE_STRIP = NO;
				DEBUG_INFORMATION_FORMAT = "dwarf-with-dsym";
				ENABLE_NS_ASSERTIONS = NO;
				ENABLE_STRICT_OBJC_MSGSEND = YES;
				ENABLE_USER_SCRIPT_SANDBOXING = YES;
				GCC_C_LANGUAGE_STANDARD = gnu17;
				GCC_NO_COMMON_BLOCKS = YES;
				GCC_WARN_64_TO_32_BIT_CONVERSION = YES;
				GCC_WARN_ABOUT_RETURN_TYPE = YES_ERROR;
				GCC_WARN_UNDECLARED_SELECTOR = YES;
				GCC_WARN_UNINITIALIZED_AUTOS = YES_AGGRESSIVE;
				GCC_WARN_UNUSED_FUNCTION = YES;
				GCC_WARN_UNUSED_VARIABLE = YES;
				IPHONEOS_DEPLOYMENT_TARGET = 17.0;
				LOCALIZATION_PREFERS_STRING_CATALOGS = YES;
				MTL_ENABLE_DEBUG_INFO = NO;
				MTL_FAST_MATH = YES;
				SDKROOT = iphoneos;
				SWIFT_COMPILATION_MODE = wholemodule;
				VALIDATE_PRODUCT = YES;
			};
			name = Release;
		};
		F27565822AF4A360006DEA33 /* Debug */ = {
			isa = XCBuildConfiguration;
			buildSettings = {
				ASSETCATALOG_COMPILER_APPICON_NAME = AppIcon;
				ASSETCATALOG_COMPILER_GLOBAL_ACCENT_COLOR_NAME = AccentColor;
				CODE_SIGN_STYLE = Automatic;
				CURRENT_PROJECT_VERSION = 1;
				DEVELOPMENT_TEAM = 98JT5SQ5TS;
				GENERATE_INFOPLIST_FILE = YES;
				INFOPLIST_FILE = Tables/Info.plist;
				INFOPLIST_KEY_UIApplicationSupportsIndirectInputEvents = YES;
				INFOPLIST_KEY_UILaunchStoryboardName = LaunchScreen;
				INFOPLIST_KEY_UIMainStoryboardFile = Main;
				INFOPLIST_KEY_UISupportedInterfaceOrientations_iPad = "UIInterfaceOrientationPortrait UIInterfaceOrientationPortraitUpsideDown UIInterfaceOrientationLandscapeLeft UIInterfaceOrientationLandscapeRight";
				INFOPLIST_KEY_UISupportedInterfaceOrientations_iPhone = "UIInterfaceOrientationPortrait UIInterfaceOrientationLandscapeLeft UIInterfaceOrientationLandscapeRight";
				LD_RUNPATH_SEARCH_PATHS = (
					"$(inherited)",
					"@executable_path/Frameworks",
				);
				MARKETING_VERSION = 1.0;
				PRODUCT_BUNDLE_IDENTIFIER = UNAM.Tables;
				PRODUCT_NAME = "$(TARGET_NAME)";
				SWIFT_EMIT_LOC_STRINGS = YES;
				SWIFT_VERSION = 5.0;
				TARGETED_DEVICE_FAMILY = "1,2";
			};
			name = Debug;
		};
		F27565832AF4A360006DEA33 /* Release */ = {
			isa = XCBuildConfiguration;
			buildSettings = {
				ASSETCATALOG_COMPILER_APPICON_NAME = AppIcon;
				ASSETCATALOG_COMPILER_GLOBAL_ACCENT_COLOR_NAME = AccentColor;
				CODE_SIGN_STYLE = Automatic;
				CURRENT_PROJECT_VERSION = 1;
				DEVELOPMENT_TEAM = 98JT5SQ5TS;
				GENERATE_INFOPLIST_FILE = YES;
				INFOPLIST_FILE = Tables/Info.plist;
				INFOPLIST_KEY_UIApplicationSupportsIndirectInputEvents = YES;
				INFOPLIST_KEY_UILaunchStoryboardName = LaunchScreen;
				INFOPLIST_KEY_UIMainStoryboardFile = Main;
				INFOPLIST_KEY_UISupportedInterfaceOrientations_iPad = "UIInterfaceOrientationPortrait UIInterfaceOrientationPortraitUpsideDown UIInterfaceOrientationLandscapeLeft UIInterfaceOrientationLandscapeRight";
				INFOPLIST_KEY_UISupportedInterfaceOrientations_iPhone = "UIInterfaceOrientationPortrait UIInterfaceOrientationLandscapeLeft UIInterfaceOrientationLandscapeRight";
				LD_RUNPATH_SEARCH_PATHS = (
					"$(inherited)",
					"@executable_path/Frameworks",
				);
				MARKETING_VERSION = 1.0;
				PRODUCT_BUNDLE_IDENTIFIER = UNAM.Tables;
				PRODUCT_NAME = "$(TARGET_NAME)";
				SWIFT_EMIT_LOC_STRINGS = YES;
				SWIFT_VERSION = 5.0;
				TARGETED_DEVICE_FAMILY = "1,2";
			};
			name = Release;
		};
		F27565852AF4A360006DEA33 /* Debug */ = {
			isa = XCBuildConfiguration;
			buildSettings = {
				ALWAYS_EMBED_SWIFT_STANDARD_LIBRARIES = YES;
				BUNDLE_LOADER = "$(TEST_HOST)";
				CODE_SIGN_STYLE = Automatic;
				CURRENT_PROJECT_VERSION = 1;
				DEVELOPMENT_TEAM = 98JT5SQ5TS;
				GENERATE_INFOPLIST_FILE = YES;
				IPHONEOS_DEPLOYMENT_TARGET = 17.0;
				MARKETING_VERSION = 1.0;
				PRODUCT_BUNDLE_IDENTIFIER = UNAM.TablesTests;
				PRODUCT_NAME = "$(TARGET_NAME)";
				SWIFT_EMIT_LOC_STRINGS = NO;
				SWIFT_VERSION = 5.0;
				TARGETED_DEVICE_FAMILY = "1,2";
				TEST_HOST = "$(BUILT_PRODUCTS_DIR)/Tables.app/$(BUNDLE_EXECUTABLE_FOLDER_PATH)/Tables";
			};
			name = Debug;
		};
		F27565862AF4A360006DEA33 /* Release */ = {
			isa = XCBuildConfiguration;
			buildSettings = {
				ALWAYS_EMBED_SWIFT_STANDARD_LIBRARIES = YES;
				BUNDLE_LOADER = "$(TEST_HOST)";
				CODE_SIGN_STYLE = Automatic;
				CURRENT_PROJECT_VERSION = 1;
				DEVELOPMENT_TEAM = 98JT5SQ5TS;
				GENERATE_INFOPLIST_FILE = YES;
				IPHONEOS_DEPLOYMENT_TARGET = 17.0;
				MARKETING_VERSION = 1.0;
				PRODUCT_BUNDLE_IDENTIFIER = UNAM.TablesTests;
				PRODUCT_NAME = "$(TARGET_NAME)";
				SWIFT_EMIT_LOC_STRINGS = NO;
				SWIFT_VERSION = 5.0;
				TARGETED_DEVICE_FAMILY = "1,2";
				TEST_HOST = "$(BUILT_PRODUCTS_DIR)/Tables.app/$(BUNDLE_EXECUTABLE_FOLDER_PATH)/Tables";
			};
			name = Release;
		};
		F27565882AF4A360006DEA33 /* Debug */ = {
			isa = XCBuildConfiguration;
			buildSettings = {
				ALWAYS_EMBED_SWIFT_STANDARD_LIBRARIES = YES;
				CODE_SIGN_STYLE = Automatic;
				CURRENT_PROJECT_VERSION = 1;
				DEVELOPMENT_TEAM = 98JT5SQ5TS;
				GENERATE_INFOPLIST_FILE = YES;
				MARKETING_VERSION = 1.0;
				PRODUCT_BUNDLE_IDENTIFIER = UNAM.TablesUITests;
				PRODUCT_NAME = "$(TARGET_NAME)";
				SWIFT_EMIT_LOC_STRINGS = NO;
				SWIFT_VERSION = 5.0;
				TARGETED_DEVICE_FAMILY = "1,2";
				TEST_TARGET_NAME = Tables;
			};
			name = Debug;
		};
		F27565892AF4A360006DEA33 /* Release */ = {
			isa = XCBuildConfiguration;
			buildSettings = {
				ALWAYS_EMBED_SWIFT_STANDARD_LIBRARIES = YES;
				CODE_SIGN_STYLE = Automatic;
				CURRENT_PROJECT_VERSION = 1;
				DEVELOPMENT_TEAM = 98JT5SQ5TS;
				GENERATE_INFOPLIST_FILE = YES;
				MARKETING_VERSION = 1.0;
				PRODUCT_BUNDLE_IDENTIFIER = UNAM.TablesUITests;
				PRODUCT_NAME = "$(TARGET_NAME)";
				SWIFT_EMIT_LOC_STRINGS = NO;
				SWIFT_VERSION = 5.0;
				TARGETED_DEVICE_FAMILY = "1,2";
				TEST_TARGET_NAME = Tables;
			};
			name = Release;
		};
/* End XCBuildConfiguration section */

/* Begin XCConfigurationList section */
		F27565522AF4A35F006DEA33 /* Build configuration list for PBXProject "Tables" */ = {
			isa = XCConfigurationList;
			buildConfigurations = (
				F275657F2AF4A360006DEA33 /* Debug */,
				F27565802AF4A360006DEA33 /* Release */,
			);
			defaultConfigurationIsVisible = 0;
			defaultConfigurationName = Release;
		};
		F27565812AF4A360006DEA33 /* Build configuration list for PBXNativeTarget "Tables" */ = {
			isa = XCConfigurationList;
			buildConfigurations = (
				F27565822AF4A360006DEA33 /* Debug */,
				F27565832AF4A360006DEA33 /* Release */,
			);
			defaultConfigurationIsVisible = 0;
			defaultConfigurationName = Release;
		};
		F27565842AF4A360006DEA33 /* Build configuration list for PBXNativeTarget "TablesTests" */ = {
			isa = XCConfigurationList;
			buildConfigurations = (
				F27565852AF4A360006DEA33 /* Debug */,
				F27565862AF4A360006DEA33 /* Release */,
			);
			defaultConfigurationIsVisible = 0;
			defaultConfigurationName = Release;
		};
		F27565872AF4A360006DEA33 /* Build configuration list for PBXNativeTarget "TablesUITests" */ = {
			isa = XCConfigurationList;
			buildConfigurations = (
				F27565882AF4A360006DEA33 /* Debug */,
				F27565892AF4A360006DEA33 /* Release */,
			);
			defaultConfigurationIsVisible = 0;
			defaultConfigurationName = Release;
		};
/* End XCConfigurationList section */
	};
	rootObject = F275654F2AF4A35F006DEA33 /* Project object */;
}
