// !$*UTF8*$!
{
	archiveVersion = 1;
	classes = {
	};
	objectVersion = 56;
	objects = {

/* Begin PBXBuildFile section */
		1A5959D52AF5B7FE00265053 /* CollectionViewController.swift in Sources */ = {isa = PBXBuildFile; fileRef = 1A5959D42AF5B7FE00265053 /* CollectionViewController.swift */; };
		1AF7CEF02AF5A82200C40A93 /* AppDelegate.swift in Sources */ = {isa = PBXBuildFile; fileRef = 1AF7CEEF2AF5A82200C40A93 /* AppDelegate.swift */; };
		1AF7CEF22AF5A82200C40A93 /* SceneDelegate.swift in Sources */ = {isa = PBXBuildFile; fileRef = 1AF7CEF12AF5A82200C40A93 /* SceneDelegate.swift */; };
		1AF7CEF42AF5A82200C40A93 /* ViewController.swift in Sources */ = {isa = PBXBuildFile; fileRef = 1AF7CEF32AF5A82200C40A93 /* ViewController.swift */; };
		1AF7CEF72AF5A82200C40A93 /* Main.storyboard in Resources */ = {isa = PBXBuildFile; fileRef = 1AF7CEF52AF5A82200C40A93 /* Main.storyboard */; };
		1AF7CEF92AF5A82300C40A93 /* Assets.xcassets in Resources */ = {isa = PBXBuildFile; fileRef = 1AF7CEF82AF5A82300C40A93 /* Assets.xcassets */; };
		1AF7CEFC2AF5A82300C40A93 /* LaunchScreen.storyboard in Resources */ = {isa = PBXBuildFile; fileRef = 1AF7CEFA2AF5A82300C40A93 /* LaunchScreen.storyboard */; };
		55703BA02AFEF6EB000843A0 /* PokemonModel.swift in Sources */ = {isa = PBXBuildFile; fileRef = 55703B9F2AFEF6EB000843A0 /* PokemonModel.swift */; };
		55703BA22AFF0F2A000843A0 /* TypesModel.swift in Sources */ = {isa = PBXBuildFile; fileRef = 55703BA12AFF0F2A000843A0 /* TypesModel.swift */; };
		55703BA42AFF1916000843A0 /* FavoritosViewController.swift in Sources */ = {isa = PBXBuildFile; fileRef = 55703BA32AFF1916000843A0 /* FavoritosViewController.swift */; };
		557B6CA62AF5BA98008A7CA7 /* Custom.swift in Sources */ = {isa = PBXBuildFile; fileRef = 557B6CA42AF5BA98008A7CA7 /* Custom.swift */; };
		557B6CA72AF5BA98008A7CA7 /* Custom.xib in Resources */ = {isa = PBXBuildFile; fileRef = 557B6CA52AF5BA98008A7CA7 /* Custom.xib */; };
		558661FF2AFFDD1200F87BC3 /* PokeInfoController.swift in Sources */ = {isa = PBXBuildFile; fileRef = 558661FE2AFFDD1200F87BC3 /* PokeInfoController.swift */; };
		558662012AFFDD3B00F87BC3 /* TypeInfoController.swift in Sources */ = {isa = PBXBuildFile; fileRef = 558662002AFFDD3B00F87BC3 /* TypeInfoController.swift */; };
/* End PBXBuildFile section */

/* Begin PBXFileReference section */
		1A5959D42AF5B7FE00265053 /* CollectionViewController.swift */ = {isa = PBXFileReference; lastKnownFileType = sourcecode.swift; path = CollectionViewController.swift; sourceTree = "<group>"; };
		1AF7CEEC2AF5A82200C40A93 /* collectionTableView.app */ = {isa = PBXFileReference; explicitFileType = wrapper.application; includeInIndex = 0; path = collectionTableView.app; sourceTree = BUILT_PRODUCTS_DIR; };
		1AF7CEEF2AF5A82200C40A93 /* AppDelegate.swift */ = {isa = PBXFileReference; lastKnownFileType = sourcecode.swift; path = AppDelegate.swift; sourceTree = "<group>"; };
		1AF7CEF12AF5A82200C40A93 /* SceneDelegate.swift */ = {isa = PBXFileReference; lastKnownFileType = sourcecode.swift; path = SceneDelegate.swift; sourceTree = "<group>"; };
		1AF7CEF32AF5A82200C40A93 /* ViewController.swift */ = {isa = PBXFileReference; lastKnownFileType = sourcecode.swift; path = ViewController.swift; sourceTree = "<group>"; };
		1AF7CEF62AF5A82200C40A93 /* Base */ = {isa = PBXFileReference; lastKnownFileType = file.storyboard; name = Base; path = Base.lproj/Main.storyboard; sourceTree = "<group>"; };
		1AF7CEF82AF5A82300C40A93 /* Assets.xcassets */ = {isa = PBXFileReference; lastKnownFileType = folder.assetcatalog; path = Assets.xcassets; sourceTree = "<group>"; };
		1AF7CEFB2AF5A82300C40A93 /* Base */ = {isa = PBXFileReference; lastKnownFileType = file.storyboard; name = Base; path = Base.lproj/LaunchScreen.storyboard; sourceTree = "<group>"; };
		1AF7CEFD2AF5A82300C40A93 /* Info.plist */ = {isa = PBXFileReference; lastKnownFileType = text.plist.xml; path = Info.plist; sourceTree = "<group>"; };
		55703B9F2AFEF6EB000843A0 /* PokemonModel.swift */ = {isa = PBXFileReference; lastKnownFileType = sourcecode.swift; path = PokemonModel.swift; sourceTree = "<group>"; };
		55703BA12AFF0F2A000843A0 /* TypesModel.swift */ = {isa = PBXFileReference; lastKnownFileType = sourcecode.swift; path = TypesModel.swift; sourceTree = "<group>"; };
		55703BA32AFF1916000843A0 /* FavoritosViewController.swift */ = {isa = PBXFileReference; lastKnownFileType = sourcecode.swift; path = FavoritosViewController.swift; sourceTree = "<group>"; };
		557B6CA42AF5BA98008A7CA7 /* Custom.swift */ = {isa = PBXFileReference; lastKnownFileType = sourcecode.swift; path = Custom.swift; sourceTree = "<group>"; };
		557B6CA52AF5BA98008A7CA7 /* Custom.xib */ = {isa = PBXFileReference; lastKnownFileType = file.xib; path = Custom.xib; sourceTree = "<group>"; };
		558661FE2AFFDD1200F87BC3 /* PokeInfoController.swift */ = {isa = PBXFileReference; lastKnownFileType = sourcecode.swift; path = PokeInfoController.swift; sourceTree = "<group>"; };
		558662002AFFDD3B00F87BC3 /* TypeInfoController.swift */ = {isa = PBXFileReference; lastKnownFileType = sourcecode.swift; path = TypeInfoController.swift; sourceTree = "<group>"; };
/* End PBXFileReference section */

/* Begin PBXFrameworksBuildPhase section */
		1AF7CEE92AF5A82200C40A93 /* Frameworks */ = {
			isa = PBXFrameworksBuildPhase;
			buildActionMask = 2147483647;
			files = (
			);
			runOnlyForDeploymentPostprocessing = 0;
		};
/* End PBXFrameworksBuildPhase section */

/* Begin PBXGroup section */
		1AF7CEE32AF5A82200C40A93 = {
			isa = PBXGroup;
			children = (
				1AF7CEEE2AF5A82200C40A93 /* collectionTableView */,
				1AF7CEED2AF5A82200C40A93 /* Products */,
			);
			sourceTree = "<group>";
		};
		1AF7CEED2AF5A82200C40A93 /* Products */ = {
			isa = PBXGroup;
			children = (
				1AF7CEEC2AF5A82200C40A93 /* collectionTableView.app */,
			);
			name = Products;
			sourceTree = "<group>";
		};
		1AF7CEEE2AF5A82200C40A93 /* collectionTableView */ = {
			isa = PBXGroup;
			children = (
				1AF7CEEF2AF5A82200C40A93 /* AppDelegate.swift */,
				1AF7CEF12AF5A82200C40A93 /* SceneDelegate.swift */,
				557B6CA42AF5BA98008A7CA7 /* Custom.swift */,
				557B6CA52AF5BA98008A7CA7 /* Custom.xib */,
				55703BA12AFF0F2A000843A0 /* TypesModel.swift */,
				55703B9F2AFEF6EB000843A0 /* PokemonModel.swift */,
				1AF7CEF32AF5A82200C40A93 /* ViewController.swift */,
				1A5959D42AF5B7FE00265053 /* CollectionViewController.swift */,
				558662002AFFDD3B00F87BC3 /* TypeInfoController.swift */,
				558661FE2AFFDD1200F87BC3 /* PokeInfoController.swift */,
				55703BA32AFF1916000843A0 /* FavoritosViewController.swift */,
				1AF7CEF52AF5A82200C40A93 /* Main.storyboard */,
				1AF7CEF82AF5A82300C40A93 /* Assets.xcassets */,
				1AF7CEFA2AF5A82300C40A93 /* LaunchScreen.storyboard */,
				1AF7CEFD2AF5A82300C40A93 /* Info.plist */,
			);
			path = collectionTableView;
			sourceTree = "<group>";
		};
/* End PBXGroup section */

/* Begin PBXNativeTarget section */
		1AF7CEEB2AF5A82200C40A93 /* collectionTableView */ = {
			isa = PBXNativeTarget;
			buildConfigurationList = 1AF7CF002AF5A82300C40A93 /* Build configuration list for PBXNativeTarget "collectionTableView" */;
			buildPhases = (
				1AF7CEE82AF5A82200C40A93 /* Sources */,
				1AF7CEE92AF5A82200C40A93 /* Frameworks */,
				1AF7CEEA2AF5A82200C40A93 /* Resources */,
			);
			buildRules = (
			);
			dependencies = (
			);
			name = collectionTableView;
			productName = collectionTableView;
			productReference = 1AF7CEEC2AF5A82200C40A93 /* collectionTableView.app */;
			productType = "com.apple.product-type.application";
		};
/* End PBXNativeTarget section */

/* Begin PBXProject section */
		1AF7CEE42AF5A82200C40A93 /* Project object */ = {
			isa = PBXProject;
			attributes = {
				BuildIndependentTargetsInParallel = 1;
				LastSwiftUpdateCheck = 1500;
				LastUpgradeCheck = 1500;
				TargetAttributes = {
					1AF7CEEB2AF5A82200C40A93 = {
						CreatedOnToolsVersion = 15.0.1;
					};
				};
			};
			buildConfigurationList = 1AF7CEE72AF5A82200C40A93 /* Build configuration list for PBXProject "collectionTableView" */;
			compatibilityVersion = "Xcode 14.0";
			developmentRegion = en;
			hasScannedForEncodings = 0;
			knownRegions = (
				en,
				Base,
			);
			mainGroup = 1AF7CEE32AF5A82200C40A93;
			productRefGroup = 1AF7CEED2AF5A82200C40A93 /* Products */;
			projectDirPath = "";
			projectRoot = "";
			targets = (
				1AF7CEEB2AF5A82200C40A93 /* collectionTableView */,
			);
		};
/* End PBXProject section */

/* Begin PBXResourcesBuildPhase section */
		1AF7CEEA2AF5A82200C40A93 /* Resources */ = {
			isa = PBXResourcesBuildPhase;
			buildActionMask = 2147483647;
			files = (
				1AF7CEFC2AF5A82300C40A93 /* LaunchScreen.storyboard in Resources */,
				1AF7CEF92AF5A82300C40A93 /* Assets.xcassets in Resources */,
				557B6CA72AF5BA98008A7CA7 /* Custom.xib in Resources */,
				1AF7CEF72AF5A82200C40A93 /* Main.storyboard in Resources */,
			);
			runOnlyForDeploymentPostprocessing = 0;
		};
/* End PBXResourcesBuildPhase section */

/* Begin PBXSourcesBuildPhase section */
		1AF7CEE82AF5A82200C40A93 /* Sources */ = {
			isa = PBXSourcesBuildPhase;
			buildActionMask = 2147483647;
			files = (
				1A5959D52AF5B7FE00265053 /* CollectionViewController.swift in Sources */,
				55703BA02AFEF6EB000843A0 /* PokemonModel.swift in Sources */,
				1AF7CEF42AF5A82200C40A93 /* ViewController.swift in Sources */,
				1AF7CEF02AF5A82200C40A93 /* AppDelegate.swift in Sources */,
				55703BA42AFF1916000843A0 /* FavoritosViewController.swift in Sources */,
				558662012AFFDD3B00F87BC3 /* TypeInfoController.swift in Sources */,
				1AF7CEF22AF5A82200C40A93 /* SceneDelegate.swift in Sources */,
				55703BA22AFF0F2A000843A0 /* TypesModel.swift in Sources */,
				557B6CA62AF5BA98008A7CA7 /* Custom.swift in Sources */,
				558661FF2AFFDD1200F87BC3 /* PokeInfoController.swift in Sources */,
			);
			runOnlyForDeploymentPostprocessing = 0;
		};
/* End PBXSourcesBuildPhase section */

/* Begin PBXVariantGroup section */
		1AF7CEF52AF5A82200C40A93 /* Main.storyboard */ = {
			isa = PBXVariantGroup;
			children = (
				1AF7CEF62AF5A82200C40A93 /* Base */,
			);
			name = Main.storyboard;
			sourceTree = "<group>";
		};
		1AF7CEFA2AF5A82300C40A93 /* LaunchScreen.storyboard */ = {
			isa = PBXVariantGroup;
			children = (
				1AF7CEFB2AF5A82300C40A93 /* Base */,
			);
			name = LaunchScreen.storyboard;
			sourceTree = "<group>";
		};
/* End PBXVariantGroup section */

/* Begin XCBuildConfiguration section */
		1AF7CEFE2AF5A82300C40A93 /* Debug */ = {
			isa = XCBuildConfiguration;
			buildSettings = {
				ALWAYS_SEARCH_USER_PATHS = NO;
				ASSETCATALOG_COMPILER_GENERATE_SWIFT_ASSET_SYMBOL_EXTENSIONS = YES;
				CLANG_ANALYZER_NONNULL = YES;
				CLANG_ANALYZER_NUMBER_OBJECT_CONVERSION = YES_AGGRESSIVE;
				CLANG_CXX_LANGUAGE_STANDARD = "gnu++20";
				CLANG_ENABLE_MODULES = YES;
				CLANG_ENABLE_OBJC_ARC = YES;
				CLANG_ENABLE_OBJC_WEAK = YES;
				CLANG_WARN_BLOCK_CAPTURE_AUTORELEASING = YES;
				CLANG_WARN_BOOL_CONVERSION = YES;
				CLANG_WARN_COMMA = YES;
				CLANG_WARN_CONSTANT_CONVERSION = YES;
				CLANG_WARN_DEPRECATED_OBJC_IMPLEMENTATIONS = YES;
				CLANG_WARN_DIRECT_OBJC_ISA_USAGE = YES_ERROR;
				CLANG_WARN_DOCUMENTATION_COMMENTS = YES;
				CLANG_WARN_EMPTY_BODY = YES;
				CLANG_WARN_ENUM_CONVERSION = YES;
				CLANG_WARN_INFINITE_RECURSION = YES;
				CLANG_WARN_INT_CONVERSION = YES;
				CLANG_WARN_NON_LITERAL_NULL_CONVERSION = YES;
				CLANG_WARN_OBJC_IMPLICIT_RETAIN_SELF = YES;
				CLANG_WARN_OBJC_LITERAL_CONVERSION = YES;
				CLANG_WARN_OBJC_ROOT_CLASS = YES_ERROR;
				CLANG_WARN_QUOTED_INCLUDE_IN_FRAMEWORK_HEADER = YES;
				CLANG_WARN_RANGE_LOOP_ANALYSIS = YES;
				CLANG_WARN_STRICT_PROTOTYPES = YES;
				CLANG_WARN_SUSPICIOUS_MOVE = YES;
				CLANG_WARN_UNGUARDED_AVAILABILITY = YES_AGGRESSIVE;
				CLANG_WARN_UNREACHABLE_CODE = YES;
				CLANG_WARN__DUPLICATE_METHOD_MATCH = YES;
				COPY_PHASE_STRIP = NO;
				DEBUG_INFORMATION_FORMAT = dwarf;
				ENABLE_STRICT_OBJC_MSGSEND = YES;
				ENABLE_TESTABILITY = YES;
				ENABLE_USER_SCRIPT_SANDBOXING = YES;
				GCC_C_LANGUAGE_STANDARD = gnu17;
				GCC_DYNAMIC_NO_PIC = NO;
				GCC_NO_COMMON_BLOCKS = YES;
				GCC_OPTIMIZATION_LEVEL = 0;
				GCC_PREPROCESSOR_DEFINITIONS = (
					"DEBUG=1",
					"$(inherited)",
				);
				GCC_WARN_64_TO_32_BIT_CONVERSION = YES;
				GCC_WARN_ABOUT_RETURN_TYPE = YES_ERROR;
				GCC_WARN_UNDECLARED_SELECTOR = YES;
				GCC_WARN_UNINITIALIZED_AUTOS = YES_AGGRESSIVE;
				GCC_WARN_UNUSED_FUNCTION = YES;
				GCC_WARN_UNUSED_VARIABLE = YES;
				IPHONEOS_DEPLOYMENT_TARGET = 17.0;
				LOCALIZATION_PREFERS_STRING_CATALOGS = YES;
				MTL_ENABLE_DEBUG_INFO = INCLUDE_SOURCE;
				MTL_FAST_MATH = YES;
				ONLY_ACTIVE_ARCH = YES;
				SDKROOT = iphoneos;
				SWIFT_ACTIVE_COMPILATION_CONDITIONS = "DEBUG $(inherited)";
				SWIFT_OPTIMIZATION_LEVEL = "-Onone";
			};
			name = Debug;
		};
		1AF7CEFF2AF5A82300C40A93 /* Release */ = {
			isa = XCBuildConfiguration;
			buildSettings = {
				ALWAYS_SEARCH_USER_PATHS = NO;
				ASSETCATALOG_COMPILER_GENERATE_SWIFT_ASSET_SYMBOL_EXTENSIONS = YES;
				CLANG_ANALYZER_NONNULL = YES;
				CLANG_ANALYZER_NUMBER_OBJECT_CONVERSION = YES_AGGRESSIVE;
				CLANG_CXX_LANGUAGE_STANDARD = "gnu++20";
				CLANG_ENABLE_MODULES = YES;
				CLANG_ENABLE_OBJC_ARC = YES;
				CLANG_ENABLE_OBJC_WEAK = YES;
				CLANG_WARN_BLOCK_CAPTURE_AUTORELEASING = YES;
				CLANG_WARN_BOOL_CONVERSION = YES;
				CLANG_WARN_COMMA = YES;
				CLANG_WARN_CONSTANT_CONVERSION = YES;
				CLANG_WARN_DEPRECATED_OBJC_IMPLEMENTATIONS = YES;
				CLANG_WARN_DIRECT_OBJC_ISA_USAGE = YES_ERROR;
				CLANG_WARN_DOCUMENTATION_COMMENTS = YES;
				CLANG_WARN_EMPTY_BODY = YES;
				CLANG_WARN_ENUM_CONVERSION = YES;
				CLANG_WARN_INFINITE_RECURSION = YES;
				CLANG_WARN_INT_CONVERSION = YES;
				CLANG_WARN_NON_LITERAL_NULL_CONVERSION = YES;
				CLANG_WARN_OBJC_IMPLICIT_RETAIN_SELF = YES;
				CLANG_WARN_OBJC_LITERAL_CONVERSION = YES;
				CLANG_WARN_OBJC_ROOT_CLASS = YES_ERROR;
				CLANG_WARN_QUOTED_INCLUDE_IN_FRAMEWORK_HEADER = YES;
				CLANG_WARN_RANGE_LOOP_ANALYSIS = YES;
				CLANG_WARN_STRICT_PROTOTYPES = YES;
				CLANG_WARN_SUSPICIOUS_MOVE = YES;
				CLANG_WARN_UNGUARDED_AVAILABILITY = YES_AGGRESSIVE;
				CLANG_WARN_UNREACHABLE_CODE = YES;
				CLANG_WARN__DUPLICATE_METHOD_MATCH = YES;
				COPY_PHASE_STRIP = NO;
				DEBUG_INFORMATION_FORMAT = "dwarf-with-dsym";
				ENABLE_NS_ASSERTIONS = NO;
				ENABLE_STRICT_OBJC_MSGSEND = YES;
				ENABLE_USER_SCRIPT_SANDBOXING = YES;
				GCC_C_LANGUAGE_STANDARD = gnu17;
				GCC_NO_COMMON_BLOCKS = YES;
				GCC_WARN_64_TO_32_BIT_CONVERSION = YES;
				GCC_WARN_ABOUT_RETURN_TYPE = YES_ERROR;
				GCC_WARN_UNDECLARED_SELECTOR = YES;
				GCC_WARN_UNINITIALIZED_AUTOS = YES_AGGRESSIVE;
				GCC_WARN_UNUSED_FUNCTION = YES;
				GCC_WARN_UNUSED_VARIABLE = YES;
				IPHONEOS_DEPLOYMENT_TARGET = 17.0;
				LOCALIZATION_PREFERS_STRING_CATALOGS = YES;
				MTL_ENABLE_DEBUG_INFO = NO;
				MTL_FAST_MATH = YES;
				SDKROOT = iphoneos;
				SWIFT_COMPILATION_MODE = wholemodule;
				VALIDATE_PRODUCT = YES;
			};
			name = Release;
		};
		1AF7CF012AF5A82300C40A93 /* Debug */ = {
			isa = XCBuildConfiguration;
			buildSettings = {
				ASSETCATALOG_COMPILER_APPICON_NAME = AppIcon;
				ASSETCATALOG_COMPILER_GLOBAL_ACCENT_COLOR_NAME = AccentColor;
				CODE_SIGN_STYLE = Automatic;
				CURRENT_PROJECT_VERSION = 1;
				DEVELOPMENT_TEAM = XQHLP8M93C;
				GENERATE_INFOPLIST_FILE = YES;
				INFOPLIST_FILE = collectionTableView/Info.plist;
				INFOPLIST_KEY_UIApplicationSupportsIndirectInputEvents = YES;
				INFOPLIST_KEY_UILaunchStoryboardName = LaunchScreen;
				INFOPLIST_KEY_UIMainStoryboardFile = Main;
				INFOPLIST_KEY_UISupportedInterfaceOrientations_iPad = "UIInterfaceOrientationPortrait UIInterfaceOrientationPortraitUpsideDown UIInterfaceOrientationLandscapeLeft UIInterfaceOrientationLandscapeRight";
				INFOPLIST_KEY_UISupportedInterfaceOrientations_iPhone = "UIInterfaceOrientationPortrait UIInterfaceOrientationLandscapeLeft UIInterfaceOrientationLandscapeRight";
				LD_RUNPATH_SEARCH_PATHS = (
					"$(inherited)",
					"@executable_path/Frameworks",
				);
				MARKETING_VERSION = 1.0;
				PRODUCT_BUNDLE_IDENTIFIER = retrosk8brd.com.collectionTableView;
				PRODUCT_NAME = "$(TARGET_NAME)";
				SWIFT_EMIT_LOC_STRINGS = YES;
				SWIFT_VERSION = 5.0;
				TARGETED_DEVICE_FAMILY = "1,2";
			};
			name = Debug;
		};
		1AF7CF022AF5A82300C40A93 /* Release */ = {
			isa = XCBuildConfiguration;
			buildSettings = {
				ASSETCATALOG_COMPILER_APPICON_NAME = AppIcon;
				ASSETCATALOG_COMPILER_GLOBAL_ACCENT_COLOR_NAME = AccentColor;
				CODE_SIGN_STYLE = Automatic;
				CURRENT_PROJECT_VERSION = 1;
				DEVELOPMENT_TEAM = XQHLP8M93C;
				GENERATE_INFOPLIST_FILE = YES;
				INFOPLIST_FILE = collectionTableView/Info.plist;
				INFOPLIST_KEY_UIApplicationSupportsIndirectInputEvents = YES;
				INFOPLIST_KEY_UILaunchStoryboardName = LaunchScreen;
				INFOPLIST_KEY_UIMainStoryboardFile = Main;
				INFOPLIST_KEY_UISupportedInterfaceOrientations_iPad = "UIInterfaceOrientationPortrait UIInterfaceOrientationPortraitUpsideDown UIInterfaceOrientationLandscapeLeft UIInterfaceOrientationLandscapeRight";
				INFOPLIST_KEY_UISupportedInterfaceOrientations_iPhone = "UIInterfaceOrientationPortrait UIInterfaceOrientationLandscapeLeft UIInterfaceOrientationLandscapeRight";
				LD_RUNPATH_SEARCH_PATHS = (
					"$(inherited)",
					"@executable_path/Frameworks",
				);
				MARKETING_VERSION = 1.0;
				PRODUCT_BUNDLE_IDENTIFIER = retrosk8brd.com.collectionTableView;
				PRODUCT_NAME = "$(TARGET_NAME)";
				SWIFT_EMIT_LOC_STRINGS = YES;
				SWIFT_VERSION = 5.0;
				TARGETED_DEVICE_FAMILY = "1,2";
			};
			name = Release;
		};
/* End XCBuildConfiguration section */

/* Begin XCConfigurationList section */
		1AF7CEE72AF5A82200C40A93 /* Build configuration list for PBXProject "collectionTableView" */ = {
			isa = XCConfigurationList;
			buildConfigurations = (
				1AF7CEFE2AF5A82300C40A93 /* Debug */,
				1AF7CEFF2AF5A82300C40A93 /* Release */,
			);
			defaultConfigurationIsVisible = 0;
			defaultConfigurationName = Release;
		};
		1AF7CF002AF5A82300C40A93 /* Build configuration list for PBXNativeTarget "collectionTableView" */ = {
			isa = XCConfigurationList;
			buildConfigurations = (
				1AF7CF012AF5A82300C40A93 /* Debug */,
				1AF7CF022AF5A82300C40A93 /* Release */,
			);
			defaultConfigurationIsVisible = 0;
			defaultConfigurationName = Release;
		};
/* End XCConfigurationList section */
	};
	rootObject = 1AF7CEE42AF5A82200C40A93 /* Project object */;
}
