// !$*UTF8*$!
{
	archiveVersion = 1;
	classes = {
	};
	objectVersion = 56;
	objects = {

/* Begin PBXBuildFile section */
		557B6C752AF5B9AF008A7CA7 /* AppDelegate.swift in Sources */ = {isa = PBXBuildFile; fileRef = 557B6C742AF5B9AF008A7CA7 /* AppDelegate.swift */; };
		557B6C772AF5B9AF008A7CA7 /* SceneDelegate.swift in Sources */ = {isa = PBXBuildFile; fileRef = 557B6C762AF5B9AF008A7CA7 /* SceneDelegate.swift */; };
		557B6C792AF5B9AF008A7CA7 /* ViewController.swift in Sources */ = {isa = PBXBuildFile; fileRef = 557B6C782AF5B9AF008A7CA7 /* ViewController.swift */; };
		557B6C7C2AF5B9AF008A7CA7 /* Main.storyboard in Resources */ = {isa = PBXBuildFile; fileRef = 557B6C7A2AF5B9AF008A7CA7 /* Main.storyboard */; };
		557B6C7E2AF5B9B0008A7CA7 /* Assets.xcassets in Resources */ = {isa = PBXBuildFile; fileRef = 557B6C7D2AF5B9B0008A7CA7 /* Assets.xcassets */; };
		557B6C812AF5B9B0008A7CA7 /* LaunchScreen.storyboard in Resources */ = {isa = PBXBuildFile; fileRef = 557B6C7F2AF5B9B0008A7CA7 /* LaunchScreen.storyboard */; };
		557B6C8C2AF5B9B0008A7CA7 /* CollectionViewTests.swift in Sources */ = {isa = PBXBuildFile; fileRef = 557B6C8B2AF5B9B0008A7CA7 /* CollectionViewTests.swift */; };
		557B6C962AF5B9B0008A7CA7 /* CollectionViewUITests.swift in Sources */ = {isa = PBXBuildFile; fileRef = 557B6C952AF5B9B0008A7CA7 /* CollectionViewUITests.swift */; };
		557B6C982AF5B9B0008A7CA7 /* CollectionViewUITestsLaunchTests.swift in Sources */ = {isa = PBXBuildFile; fileRef = 557B6C972AF5B9B0008A7CA7 /* CollectionViewUITestsLaunchTests.swift */; };
/* End PBXBuildFile section */

/* Begin PBXContainerItemProxy section */
		557B6C882AF5B9B0008A7CA7 /* PBXContainerItemProxy */ = {
			isa = PBXContainerItemProxy;
			containerPortal = 557B6C692AF5B9AE008A7CA7 /* Project object */;
			proxyType = 1;
			remoteGlobalIDString = 557B6C702AF5B9AE008A7CA7;
			remoteInfo = CollectionView;
		};
		557B6C922AF5B9B0008A7CA7 /* PBXContainerItemProxy */ = {
			isa = PBXContainerItemProxy;
			containerPortal = 557B6C692AF5B9AE008A7CA7 /* Project object */;
			proxyType = 1;
			remoteGlobalIDString = 557B6C702AF5B9AE008A7CA7;
			remoteInfo = CollectionView;
		};
/* End PBXContainerItemProxy section */

/* Begin PBXFileReference section */
		557B6C712AF5B9AF008A7CA7 /* CollectionView.app */ = {isa = PBXFileReference; explicitFileType = wrapper.application; includeInIndex = 0; path = CollectionView.app; sourceTree = BUILT_PRODUCTS_DIR; };
		557B6C742AF5B9AF008A7CA7 /* AppDelegate.swift */ = {isa = PBXFileReference; lastKnownFileType = sourcecode.swift; path = AppDelegate.swift; sourceTree = "<group>"; };
		557B6C762AF5B9AF008A7CA7 /* SceneDelegate.swift */ = {isa = PBXFileReference; lastKnownFileType = sourcecode.swift; path = SceneDelegate.swift; sourceTree = "<group>"; };
		557B6C782AF5B9AF008A7CA7 /* ViewController.swift */ = {isa = PBXFileReference; lastKnownFileType = sourcecode.swift; path = ViewController.swift; sourceTree = "<group>"; };
		557B6C7B2AF5B9AF008A7CA7 /* Base */ = {isa = PBXFileReference; lastKnownFileType = file.storyboard; name = Base; path = Base.lproj/Main.storyboard; sourceTree = "<group>"; };
		557B6C7D2AF5B9B0008A7CA7 /* Assets.xcassets */ = {isa = PBXFileReference; lastKnownFileType = folder.assetcatalog; path = Assets.xcassets; sourceTree = "<group>"; };
		557B6C802AF5B9B0008A7CA7 /* Base */ = {isa = PBXFileReference; lastKnownFileType = file.storyboard; name = Base; path = Base.lproj/LaunchScreen.storyboard; sourceTree = "<group>"; };
		557B6C822AF5B9B0008A7CA7 /* Info.plist */ = {isa = PBXFileReference; lastKnownFileType = text.plist.xml; path = Info.plist; sourceTree = "<group>"; };
		557B6C872AF5B9B0008A7CA7 /* CollectionViewTests.xctest */ = {isa = PBXFileReference; explicitFileType = wrapper.cfbundle; includeInIndex = 0; path = CollectionViewTests.xctest; sourceTree = BUILT_PRODUCTS_DIR; };
		557B6C8B2AF5B9B0008A7CA7 /* CollectionViewTests.swift */ = {isa = PBXFileReference; lastKnownFileType = sourcecode.swift; path = CollectionViewTests.swift; sourceTree = "<group>"; };
		557B6C912AF5B9B0008A7CA7 /* CollectionViewUITests.xctest */ = {isa = PBXFileReference; explicitFileType = wrapper.cfbundle; includeInIndex = 0; path = CollectionViewUITests.xctest; sourceTree = BUILT_PRODUCTS_DIR; };
		557B6C952AF5B9B0008A7CA7 /* CollectionViewUITests.swift */ = {isa = PBXFileReference; lastKnownFileType = sourcecode.swift; path = CollectionViewUITests.swift; sourceTree = "<group>"; };
		557B6C972AF5B9B0008A7CA7 /* CollectionViewUITestsLaunchTests.swift */ = {isa = PBXFileReference; lastKnownFileType = sourcecode.swift; path = CollectionViewUITestsLaunchTests.swift; sourceTree = "<group>"; };
/* End PBXFileReference section */

/* Begin PBXFrameworksBuildPhase section */
		557B6C6E2AF5B9AE008A7CA7 /* Frameworks */ = {
			isa = PBXFrameworksBuildPhase;
			buildActionMask = 2147483647;
			files = (
			);
			runOnlyForDeploymentPostprocessing = 0;
		};
		557B6C842AF5B9B0008A7CA7 /* Frameworks */ = {
			isa = PBXFrameworksBuildPhase;
			buildActionMask = 2147483647;
			files = (
			);
			runOnlyForDeploymentPostprocessing = 0;
		};
		557B6C8E2AF5B9B0008A7CA7 /* Frameworks */ = {
			isa = PBXFrameworksBuildPhase;
			buildActionMask = 2147483647;
			files = (
			);
			runOnlyForDeploymentPostprocessing = 0;
		};
/* End PBXFrameworksBuildPhase section */

/* Begin PBXGroup section */
		557B6C682AF5B9AE008A7CA7 = {
			isa = PBXGroup;
			children = (
				557B6C732AF5B9AF008A7CA7 /* CollectionView */,
				557B6C8A2AF5B9B0008A7CA7 /* CollectionViewTests */,
				557B6C942AF5B9B0008A7CA7 /* CollectionViewUITests */,
				557B6C722AF5B9AF008A7CA7 /* Products */,
			);
			sourceTree = "<group>";
		};
		557B6C722AF5B9AF008A7CA7 /* Products */ = {
			isa = PBXGroup;
			children = (
				557B6C712AF5B9AF008A7CA7 /* CollectionView.app */,
				557B6C872AF5B9B0008A7CA7 /* CollectionViewTests.xctest */,
				557B6C912AF5B9B0008A7CA7 /* CollectionViewUITests.xctest */,
			);
			name = Products;
			sourceTree = "<group>";
		};
		557B6C732AF5B9AF008A7CA7 /* CollectionView */ = {
			isa = PBXGroup;
			children = (
				557B6C742AF5B9AF008A7CA7 /* AppDelegate.swift */,
				557B6C762AF5B9AF008A7CA7 /* SceneDelegate.swift */,
				557B6C782AF5B9AF008A7CA7 /* ViewController.swift */,
				557B6C7A2AF5B9AF008A7CA7 /* Main.storyboard */,
				557B6C7D2AF5B9B0008A7CA7 /* Assets.xcassets */,
				557B6C7F2AF5B9B0008A7CA7 /* LaunchScreen.storyboard */,
				557B6C822AF5B9B0008A7CA7 /* Info.plist */,
			);
			path = CollectionView;
			sourceTree = "<group>";
		};
		557B6C8A2AF5B9B0008A7CA7 /* CollectionViewTests */ = {
			isa = PBXGroup;
			children = (
				557B6C8B2AF5B9B0008A7CA7 /* CollectionViewTests.swift */,
			);
			path = CollectionViewTests;
			sourceTree = "<group>";
		};
		557B6C942AF5B9B0008A7CA7 /* CollectionViewUITests */ = {
			isa = PBXGroup;
			children = (
				557B6C952AF5B9B0008A7CA7 /* CollectionViewUITests.swift */,
				557B6C972AF5B9B0008A7CA7 /* CollectionViewUITestsLaunchTests.swift */,
			);
			path = CollectionViewUITests;
			sourceTree = "<group>";
		};
/* End PBXGroup section */

/* Begin PBXNativeTarget section */
		557B6C702AF5B9AE008A7CA7 /* CollectionView */ = {
			isa = PBXNativeTarget;
			buildConfigurationList = 557B6C9B2AF5B9B0008A7CA7 /* Build configuration list for PBXNativeTarget "CollectionView" */;
			buildPhases = (
				557B6C6D2AF5B9AE008A7CA7 /* Sources */,
				557B6C6E2AF5B9AE008A7CA7 /* Frameworks */,
				557B6C6F2AF5B9AE008A7CA7 /* Resources */,
			);
			buildRules = (
			);
			dependencies = (
			);
			name = CollectionView;
			productName = CollectionView;
			productReference = 557B6C712AF5B9AF008A7CA7 /* CollectionView.app */;
			productType = "com.apple.product-type.application";
		};
		557B6C862AF5B9B0008A7CA7 /* CollectionViewTests */ = {
			isa = PBXNativeTarget;
			buildConfigurationList = 557B6C9E2AF5B9B0008A7CA7 /* Build configuration list for PBXNativeTarget "CollectionViewTests" */;
			buildPhases = (
				557B6C832AF5B9B0008A7CA7 /* Sources */,
				557B6C842AF5B9B0008A7CA7 /* Frameworks */,
				557B6C852AF5B9B0008A7CA7 /* Resources */,
			);
			buildRules = (
			);
			dependencies = (
				557B6C892AF5B9B0008A7CA7 /* PBXTargetDependency */,
			);
			name = CollectionViewTests;
			productName = CollectionViewTests;
			productReference = 557B6C872AF5B9B0008A7CA7 /* CollectionViewTests.xctest */;
			productType = "com.apple.product-type.bundle.unit-test";
		};
		557B6C902AF5B9B0008A7CA7 /* CollectionViewUITests */ = {
			isa = PBXNativeTarget;
			buildConfigurationList = 557B6CA12AF5B9B0008A7CA7 /* Build configuration list for PBXNativeTarget "CollectionViewUITests" */;
			buildPhases = (
				557B6C8D2AF5B9B0008A7CA7 /* Sources */,
				557B6C8E2AF5B9B0008A7CA7 /* Frameworks */,
				557B6C8F2AF5B9B0008A7CA7 /* Resources */,
			);
			buildRules = (
			);
			dependencies = (
				557B6C932AF5B9B0008A7CA7 /* PBXTargetDependency */,
			);
			name = CollectionViewUITests;
			productName = CollectionViewUITests;
			productReference = 557B6C912AF5B9B0008A7CA7 /* CollectionViewUITests.xctest */;
			productType = "com.apple.product-type.bundle.ui-testing";
		};
/* End PBXNativeTarget section */

/* Begin PBXProject section */
		557B6C692AF5B9AE008A7CA7 /* Project object */ = {
			isa = PBXProject;
			attributes = {
				BuildIndependentTargetsInParallel = 1;
				LastSwiftUpdateCheck = 1500;
				LastUpgradeCheck = 1500;
				TargetAttributes = {
					557B6C702AF5B9AE008A7CA7 = {
						CreatedOnToolsVersion = 15.0;
					};
					557B6C862AF5B9B0008A7CA7 = {
						CreatedOnToolsVersion = 15.0;
						TestTargetID = 557B6C702AF5B9AE008A7CA7;
					};
					557B6C902AF5B9B0008A7CA7 = {
						CreatedOnToolsVersion = 15.0;
						TestTargetID = 557B6C702AF5B9AE008A7CA7;
					};
				};
			};
			buildConfigurationList = 557B6C6C2AF5B9AE008A7CA7 /* Build configuration list for PBXProject "CollectionView" */;
			compatibilityVersion = "Xcode 14.0";
			developmentRegion = en;
			hasScannedForEncodings = 0;
			knownRegions = (
				en,
				Base,
			);
			mainGroup = 557B6C682AF5B9AE008A7CA7;
			productRefGroup = 557B6C722AF5B9AF008A7CA7 /* Products */;
			projectDirPath = "";
			projectRoot = "";
			targets = (
				557B6C702AF5B9AE008A7CA7 /* CollectionView */,
				557B6C862AF5B9B0008A7CA7 /* CollectionViewTests */,
				557B6C902AF5B9B0008A7CA7 /* CollectionViewUITests */,
			);
		};
/* End PBXProject section */

/* Begin PBXResourcesBuildPhase section */
		557B6C6F2AF5B9AE008A7CA7 /* Resources */ = {
			isa = PBXResourcesBuildPhase;
			buildActionMask = 2147483647;
			files = (
				557B6C812AF5B9B0008A7CA7 /* LaunchScreen.storyboard in Resources */,
				557B6C7E2AF5B9B0008A7CA7 /* Assets.xcassets in Resources */,
				557B6C7C2AF5B9AF008A7CA7 /* Main.storyboard in Resources */,
			);
			runOnlyForDeploymentPostprocessing = 0;
		};
		557B6C852AF5B9B0008A7CA7 /* Resources */ = {
			isa = PBXResourcesBuildPhase;
			buildActionMask = 2147483647;
			files = (
			);
			runOnlyForDeploymentPostprocessing = 0;
		};
		557B6C8F2AF5B9B0008A7CA7 /* Resources */ = {
			isa = PBXResourcesBuildPhase;
			buildActionMask = 2147483647;
			files = (
			);
			runOnlyForDeploymentPostprocessing = 0;
		};
/* End PBXResourcesBuildPhase section */

/* Begin PBXSourcesBuildPhase section */
		557B6C6D2AF5B9AE008A7CA7 /* Sources */ = {
			isa = PBXSourcesBuildPhase;
			buildActionMask = 2147483647;
			files = (
				557B6C792AF5B9AF008A7CA7 /* ViewController.swift in Sources */,
				557B6C752AF5B9AF008A7CA7 /* AppDelegate.swift in Sources */,
				557B6C772AF5B9AF008A7CA7 /* SceneDelegate.swift in Sources */,
			);
			runOnlyForDeploymentPostprocessing = 0;
		};
		557B6C832AF5B9B0008A7CA7 /* Sources */ = {
			isa = PBXSourcesBuildPhase;
			buildActionMask = 2147483647;
			files = (
				557B6C8C2AF5B9B0008A7CA7 /* CollectionViewTests.swift in Sources */,
			);
			runOnlyForDeploymentPostprocessing = 0;
		};
		557B6C8D2AF5B9B0008A7CA7 /* Sources */ = {
			isa = PBXSourcesBuildPhase;
			buildActionMask = 2147483647;
			files = (
				557B6C962AF5B9B0008A7CA7 /* CollectionViewUITests.swift in Sources */,
				557B6C982AF5B9B0008A7CA7 /* CollectionViewUITestsLaunchTests.swift in Sources */,
			);
			runOnlyForDeploymentPostprocessing = 0;
		};
/* End PBXSourcesBuildPhase section */

/* Begin PBXTargetDependency section */
		557B6C892AF5B9B0008A7CA7 /* PBXTargetDependency */ = {
			isa = PBXTargetDependency;
			target = 557B6C702AF5B9AE008A7CA7 /* CollectionView */;
			targetProxy = 557B6C882AF5B9B0008A7CA7 /* PBXContainerItemProxy */;
		};
		557B6C932AF5B9B0008A7CA7 /* PBXTargetDependency */ = {
			isa = PBXTargetDependency;
			target = 557B6C702AF5B9AE008A7CA7 /* CollectionView */;
			targetProxy = 557B6C922AF5B9B0008A7CA7 /* PBXContainerItemProxy */;
		};
/* End PBXTargetDependency section */

/* Begin PBXVariantGroup section */
		557B6C7A2AF5B9AF008A7CA7 /* Main.storyboard */ = {
			isa = PBXVariantGroup;
			children = (
				557B6C7B2AF5B9AF008A7CA7 /* Base */,
			);
			name = Main.storyboard;
			sourceTree = "<group>";
		};
		557B6C7F2AF5B9B0008A7CA7 /* LaunchScreen.storyboard */ = {
			isa = PBXVariantGroup;
			children = (
				557B6C802AF5B9B0008A7CA7 /* Base */,
			);
			name = LaunchScreen.storyboard;
			sourceTree = "<group>";
		};
/* End PBXVariantGroup section */

/* Begin XCBuildConfiguration section */
		557B6C992AF5B9B0008A7CA7 /* Debug */ = {
			isa = XCBuildConfiguration;
			buildSettings = {
				ALWAYS_SEARCH_USER_PATHS = NO;
				ASSETCATALOG_COMPILER_GENERATE_SWIFT_ASSET_SYMBOL_EXTENSIONS = YES;
				CLANG_ANALYZER_NONNULL = YES;
				CLANG_ANALYZER_NUMBER_OBJECT_CONVERSION = YES_AGGRESSIVE;
				CLANG_CXX_LANGUAGE_STANDARD = "gnu++20";
				CLANG_ENABLE_MODULES = YES;
				CLANG_ENABLE_OBJC_ARC = YES;
				CLANG_ENABLE_OBJC_WEAK = YES;
				CLANG_WARN_BLOCK_CAPTURE_AUTORELEASING = YES;
				CLANG_WARN_BOOL_CONVERSION = YES;
				CLANG_WARN_COMMA = YES;
				CLANG_WARN_CONSTANT_CONVERSION = YES;
				CLANG_WARN_DEPRECATED_OBJC_IMPLEMENTATIONS = YES;
				CLANG_WARN_DIRECT_OBJC_ISA_USAGE = YES_ERROR;
				CLANG_WARN_DOCUMENTATION_COMMENTS = YES;
				CLANG_WARN_EMPTY_BODY = YES;
				CLANG_WARN_ENUM_CONVERSION = YES;
				CLANG_WARN_INFINITE_RECURSION = YES;
				CLANG_WARN_INT_CONVERSION = YES;
				CLANG_WARN_NON_LITERAL_NULL_CONVERSION = YES;
				CLANG_WARN_OBJC_IMPLICIT_RETAIN_SELF = YES;
				CLANG_WARN_OBJC_LITERAL_CONVERSION = YES;
				CLANG_WARN_OBJC_ROOT_CLASS = YES_ERROR;
				CLANG_WARN_QUOTED_INCLUDE_IN_FRAMEWORK_HEADER = YES;
				CLANG_WARN_RANGE_LOOP_ANALYSIS = YES;
				CLANG_WARN_STRICT_PROTOTYPES = YES;
				CLANG_WARN_SUSPICIOUS_MOVE = YES;
				CLANG_WARN_UNGUARDED_AVAILABILITY = YES_AGGRESSIVE;
				CLANG_WARN_UNREACHABLE_CODE = YES;
				CLANG_WARN__DUPLICATE_METHOD_MATCH = YES;
				COPY_PHASE_STRIP = NO;
				DEBUG_INFORMATION_FORMAT = dwarf;
				ENABLE_STRICT_OBJC_MSGSEND = YES;
				ENABLE_TESTABILITY = YES;
				ENABLE_USER_SCRIPT_SANDBOXING = YES;
				GCC_C_LANGUAGE_STANDARD = gnu17;
				GCC_DYNAMIC_NO_PIC = NO;
				GCC_NO_COMMON_BLOCKS = YES;
				GCC_OPTIMIZATION_LEVEL = 0;
				GCC_PREPROCESSOR_DEFINITIONS = (
					"DEBUG=1",
					"$(inherited)",
				);
				GCC_WARN_64_TO_32_BIT_CONVERSION = YES;
				GCC_WARN_ABOUT_RETURN_TYPE = YES_ERROR;
				GCC_WARN_UNDECLARED_SELECTOR = YES;
				GCC_WARN_UNINITIALIZED_AUTOS = YES_AGGRESSIVE;
				GCC_WARN_UNUSED_FUNCTION = YES;
				GCC_WARN_UNUSED_VARIABLE = YES;
				IPHONEOS_DEPLOYMENT_TARGET = 17.0;
				LOCALIZATION_PREFERS_STRING_CATALOGS = YES;
				MTL_ENABLE_DEBUG_INFO = INCLUDE_SOURCE;
				MTL_FAST_MATH = YES;
				ONLY_ACTIVE_ARCH = YES;
				SDKROOT = iphoneos;
				SWIFT_ACTIVE_COMPILATION_CONDITIONS = "DEBUG $(inherited)";
				SWIFT_OPTIMIZATION_LEVEL = "-Onone";
			};
			name = Debug;
		};
		557B6C9A2AF5B9B0008A7CA7 /* Release */ = {
			isa = XCBuildConfiguration;
			buildSettings = {
				ALWAYS_SEARCH_USER_PATHS = NO;
				ASSETCATALOG_COMPILER_GENERATE_SWIFT_ASSET_SYMBOL_EXTENSIONS = YES;
				CLANG_ANALYZER_NONNULL = YES;
				CLANG_ANALYZER_NUMBER_OBJECT_CONVERSION = YES_AGGRESSIVE;
				CLANG_CXX_LANGUAGE_STANDARD = "gnu++20";
				CLANG_ENABLE_MODULES = YES;
				CLANG_ENABLE_OBJC_ARC = YES;
				CLANG_ENABLE_OBJC_WEAK = YES;
				CLANG_WARN_BLOCK_CAPTURE_AUTORELEASING = YES;
				CLANG_WARN_BOOL_CONVERSION = YES;
				CLANG_WARN_COMMA = YES;
				CLANG_WARN_CONSTANT_CONVERSION = YES;
				CLANG_WARN_DEPRECATED_OBJC_IMPLEMENTATIONS = YES;
				CLANG_WARN_DIRECT_OBJC_ISA_USAGE = YES_ERROR;
				CLANG_WARN_DOCUMENTATION_COMMENTS = YES;
				CLANG_WARN_EMPTY_BODY = YES;
				CLANG_WARN_ENUM_CONVERSION = YES;
				CLANG_WARN_INFINITE_RECURSION = YES;
				CLANG_WARN_INT_CONVERSION = YES;
				CLANG_WARN_NON_LITERAL_NULL_CONVERSION = YES;
				CLANG_WARN_OBJC_IMPLICIT_RETAIN_SELF = YES;
				CLANG_WARN_OBJC_LITERAL_CONVERSION = YES;
				CLANG_WARN_OBJC_ROOT_CLASS = YES_ERROR;
				CLANG_WARN_QUOTED_INCLUDE_IN_FRAMEWORK_HEADER = YES;
				CLANG_WARN_RANGE_LOOP_ANALYSIS = YES;
				CLANG_WARN_STRICT_PROTOTYPES = YES;
				CLANG_WARN_SUSPICIOUS_MOVE = YES;
				CLANG_WARN_UNGUARDED_AVAILABILITY = YES_AGGRESSIVE;
				CLANG_WARN_UNREACHABLE_CODE = YES;
				CLANG_WARN__DUPLICATE_METHOD_MATCH = YES;
				COPY_PHASE_STRIP = NO;
				DEBUG_INFORMATION_FORMAT = "dwarf-with-dsym";
				ENABLE_NS_ASSERTIONS = NO;
				ENABLE_STRICT_OBJC_MSGSEND = YES;
				ENABLE_USER_SCRIPT_SANDBOXING = YES;
				GCC_C_LANGUAGE_STANDARD = gnu17;
				GCC_NO_COMMON_BLOCKS = YES;
				GCC_WARN_64_TO_32_BIT_CONVERSION = YES;
				GCC_WARN_ABOUT_RETURN_TYPE = YES_ERROR;
				GCC_WARN_UNDECLARED_SELECTOR = YES;
				GCC_WARN_UNINITIALIZED_AUTOS = YES_AGGRESSIVE;
				GCC_WARN_UNUSED_FUNCTION = YES;
				GCC_WARN_UNUSED_VARIABLE = YES;
				IPHONEOS_DEPLOYMENT_TARGET = 17.0;
				LOCALIZATION_PREFERS_STRING_CATALOGS = YES;
				MTL_ENABLE_DEBUG_INFO = NO;
				MTL_FAST_MATH = YES;
				SDKROOT = iphoneos;
				SWIFT_COMPILATION_MODE = wholemodule;
				VALIDATE_PRODUCT = YES;
			};
			name = Release;
		};
		557B6C9C2AF5B9B0008A7CA7 /* Debug */ = {
			isa = XCBuildConfiguration;
			buildSettings = {
				ASSETCATALOG_COMPILER_APPICON_NAME = AppIcon;
				ASSETCATALOG_COMPILER_GLOBAL_ACCENT_COLOR_NAME = AccentColor;
				CODE_SIGN_STYLE = Automatic;
				CURRENT_PROJECT_VERSION = 1;
				GENERATE_INFOPLIST_FILE = YES;
				INFOPLIST_FILE = CollectionView/Info.plist;
				INFOPLIST_KEY_UIApplicationSupportsIndirectInputEvents = YES;
				INFOPLIST_KEY_UILaunchStoryboardName = LaunchScreen;
				INFOPLIST_KEY_UIMainStoryboardFile = Main;
				INFOPLIST_KEY_UISupportedInterfaceOrientations_iPad = "UIInterfaceOrientationPortrait UIInterfaceOrientationPortraitUpsideDown UIInterfaceOrientationLandscapeLeft UIInterfaceOrientationLandscapeRight";
				INFOPLIST_KEY_UISupportedInterfaceOrientations_iPhone = "UIInterfaceOrientationPortrait UIInterfaceOrientationLandscapeLeft UIInterfaceOrientationLandscapeRight";
				LD_RUNPATH_SEARCH_PATHS = (
					"$(inherited)",
					"@executable_path/Frameworks",
				);
				MARKETING_VERSION = 1.0;
				PRODUCT_BUNDLE_IDENTIFIER = iOSLab.CollectionView;
				PRODUCT_NAME = "$(TARGET_NAME)";
				SWIFT_EMIT_LOC_STRINGS = YES;
				SWIFT_VERSION = 5.0;
				TARGETED_DEVICE_FAMILY = "1,2";
			};
			name = Debug;
		};
		557B6C9D2AF5B9B0008A7CA7 /* Release */ = {
			isa = XCBuildConfiguration;
			buildSettings = {
				ASSETCATALOG_COMPILER_APPICON_NAME = AppIcon;
				ASSETCATALOG_COMPILER_GLOBAL_ACCENT_COLOR_NAME = AccentColor;
				CODE_SIGN_STYLE = Automatic;
				CURRENT_PROJECT_VERSION = 1;
				GENERATE_INFOPLIST_FILE = YES;
				INFOPLIST_FILE = CollectionView/Info.plist;
				INFOPLIST_KEY_UIApplicationSupportsIndirectInputEvents = YES;
				INFOPLIST_KEY_UILaunchStoryboardName = LaunchScreen;
				INFOPLIST_KEY_UIMainStoryboardFile = Main;
				INFOPLIST_KEY_UISupportedInterfaceOrientations_iPad = "UIInterfaceOrientationPortrait UIInterfaceOrientationPortraitUpsideDown UIInterfaceOrientationLandscapeLeft UIInterfaceOrientationLandscapeRight";
				INFOPLIST_KEY_UISupportedInterfaceOrientations_iPhone = "UIInterfaceOrientationPortrait UIInterfaceOrientationLandscapeLeft UIInterfaceOrientationLandscapeRight";
				LD_RUNPATH_SEARCH_PATHS = (
					"$(inherited)",
					"@executable_path/Frameworks",
				);
				MARKETING_VERSION = 1.0;
				PRODUCT_BUNDLE_IDENTIFIER = iOSLab.CollectionView;
				PRODUCT_NAME = "$(TARGET_NAME)";
				SWIFT_EMIT_LOC_STRINGS = YES;
				SWIFT_VERSION = 5.0;
				TARGETED_DEVICE_FAMILY = "1,2";
			};
			name = Release;
		};
		557B6C9F2AF5B9B0008A7CA7 /* Debug */ = {
			isa = XCBuildConfiguration;
			buildSettings = {
				ALWAYS_EMBED_SWIFT_STANDARD_LIBRARIES = YES;
				BUNDLE_LOADER = "$(TEST_HOST)";
				CODE_SIGN_STYLE = Automatic;
				CURRENT_PROJECT_VERSION = 1;
				GENERATE_INFOPLIST_FILE = YES;
				IPHONEOS_DEPLOYMENT_TARGET = 17.0;
				MARKETING_VERSION = 1.0;
				PRODUCT_BUNDLE_IDENTIFIER = iOSLab.CollectionViewTests;
				PRODUCT_NAME = "$(TARGET_NAME)";
				SWIFT_EMIT_LOC_STRINGS = NO;
				SWIFT_VERSION = 5.0;
				TARGETED_DEVICE_FAMILY = "1,2";
				TEST_HOST = "$(BUILT_PRODUCTS_DIR)/CollectionView.app/$(BUNDLE_EXECUTABLE_FOLDER_PATH)/CollectionView";
			};
			name = Debug;
		};
		557B6CA02AF5B9B0008A7CA7 /* Release */ = {
			isa = XCBuildConfiguration;
			buildSettings = {
				ALWAYS_EMBED_SWIFT_STANDARD_LIBRARIES = YES;
				BUNDLE_LOADER = "$(TEST_HOST)";
				CODE_SIGN_STYLE = Automatic;
				CURRENT_PROJECT_VERSION = 1;
				GENERATE_INFOPLIST_FILE = YES;
				IPHONEOS_DEPLOYMENT_TARGET = 17.0;
				MARKETING_VERSION = 1.0;
				PRODUCT_BUNDLE_IDENTIFIER = iOSLab.CollectionViewTests;
				PRODUCT_NAME = "$(TARGET_NAME)";
				SWIFT_EMIT_LOC_STRINGS = NO;
				SWIFT_VERSION = 5.0;
				TARGETED_DEVICE_FAMILY = "1,2";
				TEST_HOST = "$(BUILT_PRODUCTS_DIR)/CollectionView.app/$(BUNDLE_EXECUTABLE_FOLDER_PATH)/CollectionView";
			};
			name = Release;
		};
		557B6CA22AF5B9B0008A7CA7 /* Debug */ = {
			isa = XCBuildConfiguration;
			buildSettings = {
				ALWAYS_EMBED_SWIFT_STANDARD_LIBRARIES = YES;
				CODE_SIGN_STYLE = Automatic;
				CURRENT_PROJECT_VERSION = 1;
				GENERATE_INFOPLIST_FILE = YES;
				MARKETING_VERSION = 1.0;
				PRODUCT_BUNDLE_IDENTIFIER = iOSLab.CollectionViewUITests;
				PRODUCT_NAME = "$(TARGET_NAME)";
				SWIFT_EMIT_LOC_STRINGS = NO;
				SWIFT_VERSION = 5.0;
				TARGETED_DEVICE_FAMILY = "1,2";
				TEST_TARGET_NAME = CollectionView;
			};
			name = Debug;
		};
		557B6CA32AF5B9B0008A7CA7 /* Release */ = {
			isa = XCBuildConfiguration;
			buildSettings = {
				ALWAYS_EMBED_SWIFT_STANDARD_LIBRARIES = YES;
				CODE_SIGN_STYLE = Automatic;
				CURRENT_PROJECT_VERSION = 1;
				GENERATE_INFOPLIST_FILE = YES;
				MARKETING_VERSION = 1.0;
				PRODUCT_BUNDLE_IDENTIFIER = iOSLab.CollectionViewUITests;
				PRODUCT_NAME = "$(TARGET_NAME)";
				SWIFT_EMIT_LOC_STRINGS = NO;
				SWIFT_VERSION = 5.0;
				TARGETED_DEVICE_FAMILY = "1,2";
				TEST_TARGET_NAME = CollectionView;
			};
			name = Release;
		};
/* End XCBuildConfiguration section */

/* Begin XCConfigurationList section */
		557B6C6C2AF5B9AE008A7CA7 /* Build configuration list for PBXProject "CollectionView" */ = {
			isa = XCConfigurationList;
			buildConfigurations = (
				557B6C992AF5B9B0008A7CA7 /* Debug */,
				557B6C9A2AF5B9B0008A7CA7 /* Release */,
			);
			defaultConfigurationIsVisible = 0;
			defaultConfigurationName = Release;
		};
		557B6C9B2AF5B9B0008A7CA7 /* Build configuration list for PBXNativeTarget "CollectionView" */ = {
			isa = XCConfigurationList;
			buildConfigurations = (
				557B6C9C2AF5B9B0008A7CA7 /* Debug */,
				557B6C9D2AF5B9B0008A7CA7 /* Release */,
			);
			defaultConfigurationIsVisible = 0;
			defaultConfigurationName = Release;
		};
		557B6C9E2AF5B9B0008A7CA7 /* Build configuration list for PBXNativeTarget "CollectionViewTests" */ = {
			isa = XCConfigurationList;
			buildConfigurations = (
				557B6C9F2AF5B9B0008A7CA7 /* Debug */,
				557B6CA02AF5B9B0008A7CA7 /* Release */,
			);
			defaultConfigurationIsVisible = 0;
			defaultConfigurationName = Release;
		};
		557B6CA12AF5B9B0008A7CA7 /* Build configuration list for PBXNativeTarget "CollectionViewUITests" */ = {
			isa = XCConfigurationList;
			buildConfigurations = (
				557B6CA22AF5B9B0008A7CA7 /* Debug */,
				557B6CA32AF5B9B0008A7CA7 /* Release */,
			);
			defaultConfigurationIsVisible = 0;
			defaultConfigurationName = Release;
		};
/* End XCConfigurationList section */
	};
	rootObject = 557B6C692AF5B9AE008A7CA7 /* Project object */;
}
